PODS:
  - Action (3.6.0):
    - RxCocoa (~> 4.2.0)
    - RxSwift (~> 4.2.0)
  - Alamofire (4.7.2)
  - AlamofireObjectMapper (5.0.0):
    - Alamofire (~> 4.1)
    - ObjectMapper (~> 3.0)
  - AlamoRecord (1.1.1):
    - AlamofireObjectMapper (~> 5.0)
  - Differentiator (3.0.2)
  - ObjectMapper (3.2.0)
  - ReachabilitySwift (4.1.0)
  - Realm (3.7.2):
    - Realm/Headers (= 3.7.2)
  - Realm/Headers (3.7.2)
  - RealmSwift (3.7.2):
    - Realm (= 3.7.2)
  - RxCocoa (4.2.0):
    - RxSwift (~> 4.0)
  - RxDataSources (3.0.2):
    - Differentiator (~> 3.0)
    - RxCocoa (~> 4.0)
    - RxSwift (~> 4.0)
  - RxOptional (3.4.0):
    - RxCocoa (~> 4.0)
    - RxSwift (~> 4.0)
  - RxRealm (0.7.5):
    - RealmSwift (~> 3.0)
    - RxSwift (~> 4.0)
  - RxSwift (4.2.0)
  - SCSiriWaveformView (1.1.1)
  - Spartan (1.2.0):
    - AlamoRecord (~> 1.1.1)

DEPENDENCIES:
  - Action
  - ReachabilitySwift
  - RealmSwift
  - RxCocoa (~> 4.0)
  - RxDataSources
  - RxOptional
  - RxRealm
  - RxSwift (~> 4.0)
  - SCSiriWaveformView
  - Spartan (from `https://github.com/MindaugasJucius/Spartan`, commit `f998860fba79e59afe57464b4de4ee57d01e372a`)

EXTERNAL SOURCES:
  Spartan:
    :commit: f998860fba79e59afe57464b4de4ee57d01e372a
    :git: https://github.com/MindaugasJucius/Spartan

CHECKOUT OPTIONS:
  Spartan:
    :commit: f998860fba79e59afe57464b4de4ee57d01e372a
    :git: https://github.com/MindaugasJucius/Spartan

SPEC CHECKSUMS:
  Action: 3d9486d3da02b572b0a034b6c49ac4c3fbcc8b63
  Alamofire: e4fa87002c137ba2d8d634d2c51fabcda0d5c223
  AlamofireObjectMapper: 5fafc816351cbbc0d486611aaeba7461c0cbad49
  AlamoRecord: 78653b9a5da21ab5bb723167e0f552994df85d30
  Differentiator: a87be69eba49ec4ab460c7671143ee3a9eececfd
  ObjectMapper: 5cccd2de6f253eda859df8116a5a554d9769e859
  ReachabilitySwift: 6849231cd4e06559f3b9ef4a97a0a0f96d41e09f
  Realm: dd18c3014e8d90df300b83c6da740067436089c5
  RealmSwift: 79917cae59a0c43ef8118b233a5978891dd50b4a
  RxCocoa: 0b54909c902e1e581212a03e690bbd94032d8baa
  RxDataSources: cb7c31e652a87ebb919da45f716bbb87b3765f6b
  RxOptional: fabc37fc8e3cf4c336ebaeb5c92b576c64b2e6c5
  RxRealm: a6c6c0a07cb61f34209969ca6657734edfdfff30
  RxSwift: 99e10317ddfcc7fbe01356aafd118fde4a0be104
  SCSiriWaveformView: 15b9dd6f94c7536e2032b34a35c6ff74d38c7411
  Spartan: 2adc8865fb313140767b82e5be13ee6064b7ab40

PODFILE CHECKSUM: 33f9b5875b41a67d4e53185e7918c6a287243a4a

COCOAPODS: 1.4.0
