// !$*UTF8*$!
{
	archiveVersion = 1;
	classes = {
	};
	objectVersion = 48;
	objects = {

/* Begin PBXBuildFile section */
		031D904420566AE4007D1156 /* ReusableView.swift in Sources */ = {isa = PBXBuildFile; fileRef = 031D904320566AE4007D1156 /* ReusableView.swift */; };
		031D904620566EB3007D1156 /* SongSharingViewModelType.swift in Sources */ = {isa = PBXBuildFile; fileRef = 031D904520566EB3007D1156 /* SongSharingViewModelType.swift */; };
		0342D4E120C4550F00C6B020 /* DMErrorHandlerService.swift in Sources */ = {isa = PBXBuildFile; fileRef = 0342D4E020C4550F00C6B020 /* DMErrorHandlerService.swift */; };
		035596DA2066B4D20067A737 /* Bindable+PersistedSongs.swift in Sources */ = {isa = PBXBuildFile; fileRef = 035596D92066B4D20067A737 /* Bindable+PersistedSongs.swift */; };
		035596DC2067FA020067A737 /* DMSpotifySearchService.swift in Sources */ = {isa = PBXBuildFile; fileRef = 035596DB2067FA020067A737 /* DMSpotifySearchService.swift */; };
		035596DF206804330067A737 /* DMSpotifySongSearchViewController.swift in Sources */ = {isa = PBXBuildFile; fileRef = 035596DE206804330067A737 /* DMSpotifySongSearchViewController.swift */; };
		035596E1206804460067A737 /* DMSpotifySongSearchViewModel.swift in Sources */ = {isa = PBXBuildFile; fileRef = 035596E0206804460067A737 /* DMSpotifySongSearchViewModel.swift */; };
		037A47E3205923990030D25F /* DMEntitySharingService.swift in Sources */ = {isa = PBXBuildFile; fileRef = 037A47E1205923980030D25F /* DMEntitySharingService.swift */; };
		039A2C6C2078AAE100C58BE5 /* DMEntity.swift in Sources */ = {isa = PBXBuildFile; fileRef = 039A2C6B2078AAE100C58BE5 /* DMEntity.swift */; };
		039A2C6E207A438A00C58BE5 /* Array+Extensions.swift in Sources */ = {isa = PBXBuildFile; fileRef = 039A2C6D207A438A00C58BE5 /* Array+Extensions.swift */; };
		039A726D20C866AB0078D0CD /* ReachabilityService.swift in Sources */ = {isa = PBXBuildFile; fileRef = 039A726B20C866AB0078D0CD /* ReachabilityService.swift */; };
		33CD43033F2349BABFA21363 /* Pods_Koel.framework in Frameworks */ = {isa = PBXBuildFile; fileRef = 859C054680781DDB43D6FFC3 /* Pods_Koel.framework */; };
		47ADB8775C90C90A34CB0B4E /* Pods_KoelTests.framework in Frameworks */ = {isa = PBXBuildFile; fileRef = C68936EB8AF29A19F4BC4C74 /* Pods_KoelTests.framework */; };
		5F014BD41FB9E20000079009 /* WaveView.swift in Sources */ = {isa = PBXBuildFile; fileRef = 5F014BD31FB9E20000079009 /* WaveView.swift */; };
		5F014BD61FB9E29700079009 /* UIColor+Extensions.swift in Sources */ = {isa = PBXBuildFile; fileRef = 5F014BD51FB9E29700079009 /* UIColor+Extensions.swift */; };
		5F01EBF81F8FD28400E47E6A /* AppDelegate.swift in Sources */ = {isa = PBXBuildFile; fileRef = 5F01EBF71F8FD28400E47E6A /* AppDelegate.swift */; };
		5F01EBFF1F8FD28400E47E6A /* Assets.xcassets in Resources */ = {isa = PBXBuildFile; fileRef = 5F01EBFE1F8FD28400E47E6A /* Assets.xcassets */; };
		5F01EC021F8FD28400E47E6A /* LaunchScreen.storyboard in Resources */ = {isa = PBXBuildFile; fileRef = 5F01EC001F8FD28400E47E6A /* LaunchScreen.storyboard */; };
		5F01EC0D1F8FD28400E47E6A /* KoelTests.swift in Sources */ = {isa = PBXBuildFile; fileRef = 5F01EC0C1F8FD28400E47E6A /* KoelTests.swift */; };
		5F01EC231F925EB200E47E6A /* CKRecord+Extensions.swift in Sources */ = {isa = PBXBuildFile; fileRef = 5F01EC221F925EB200E47E6A /* CKRecord+Extensions.swift */; };
		5F37D8821FF3C4CC002E0ACD /* SpotifyMetadata.framework in Frameworks */ = {isa = PBXBuildFile; fileRef = 5F37D87F1FF3C4CB002E0ACD /* SpotifyMetadata.framework */; };
		5F37D8831FF3C4CC002E0ACD /* SpotifyAudioPlayback.framework in Frameworks */ = {isa = PBXBuildFile; fileRef = 5F37D8801FF3C4CC002E0ACD /* SpotifyAudioPlayback.framework */; };
		5F37D8841FF3C4CC002E0ACD /* SpotifyAuthentication.framework in Frameworks */ = {isa = PBXBuildFile; fileRef = 5F37D8811FF3C4CC002E0ACD /* SpotifyAuthentication.framework */; };
		5F37D88A1FF3D0A6002E0ACD /* DMSpotifyAuthService.swift in Sources */ = {isa = PBXBuildFile; fileRef = 5F37D8891FF3D0A6002E0ACD /* DMSpotifyAuthService.swift */; };
		5F47B8341FD403780053A0A5 /* DMEventSearchViewController.swift in Sources */ = {isa = PBXBuildFile; fileRef = 5F47B8331FD403780053A0A5 /* DMEventSearchViewController.swift */; };
		5F47B83B1FD4073F0053A0A5 /* ViewModelType.swift in Sources */ = {isa = PBXBuildFile; fileRef = 5F47B83A1FD4073F0053A0A5 /* ViewModelType.swift */; };
		5F54458B1FD1976D0059A975 /* DMEventSearchViewModel.swift in Sources */ = {isa = PBXBuildFile; fileRef = 5F54458A1FD1976D0059A975 /* DMEventSearchViewModel.swift */; };
		5F54458E1FD198C40059A975 /* DMEventInvitationsViewController.swift in Sources */ = {isa = PBXBuildFile; fileRef = 5F54458C1FD198C40059A975 /* DMEventInvitationsViewController.swift */; };
		5F5445951FD594460059A975 /* DMEventParticipationViewModel.swift in Sources */ = {isa = PBXBuildFile; fileRef = 5F5445941FD594460059A975 /* DMEventParticipationViewModel.swift */; };
		5F5445971FD594570059A975 /* DMEventParticipationViewController.swift in Sources */ = {isa = PBXBuildFile; fileRef = 5F5445961FD594570059A975 /* DMEventParticipationViewController.swift */; };
		5F58F0311F9CB793006B9B47 /* UIViewController+Extensions.swift in Sources */ = {isa = PBXBuildFile; fileRef = 5F58F0301F9CB793006B9B47 /* UIViewController+Extensions.swift */; };
		5F601D3B1FD043DC003DE897 /* DMEventMultipeerService.swift in Sources */ = {isa = PBXBuildFile; fileRef = 5F601D3A1FD043DC003DE897 /* DMEventMultipeerService.swift */; };
		5F601D3D1FD04851003DE897 /* DMEventInvitationsViewModel.swift in Sources */ = {isa = PBXBuildFile; fileRef = 5F601D3C1FD04851003DE897 /* DMEventInvitationsViewModel.swift */; };
		5F8186121FBB6EDB00477C71 /* DMKoelLogoView.swift in Sources */ = {isa = PBXBuildFile; fileRef = 5F8186111FBB6EDB00477C71 /* DMKoelLogoView.swift */; };
		5F8186141FD2ADA800477C71 /* DMEventPeer.swift in Sources */ = {isa = PBXBuildFile; fileRef = 5F8186131FD2ADA800477C71 /* DMEventPeer.swift */; };
		5F8186161FD3F62000477C71 /* Scene.swift in Sources */ = {isa = PBXBuildFile; fileRef = 5F8186151FD3F62000477C71 /* Scene.swift */; };
		5F8186181FD3F7F200477C71 /* BindableType.swift in Sources */ = {isa = PBXBuildFile; fileRef = 5F8186171FD3F7F200477C71 /* BindableType.swift */; };
		5F81861A1FD3FA6800477C71 /* SceneCoordinatorType.swift in Sources */ = {isa = PBXBuildFile; fileRef = 5F8186191FD3FA6800477C71 /* SceneCoordinatorType.swift */; };
		5F81861C1FD3FAB000477C71 /* SceneCoordinator.swift in Sources */ = {isa = PBXBuildFile; fileRef = 5F81861B1FD3FAB000477C71 /* SceneCoordinator.swift */; };
		5F81861E1FD3FADB00477C71 /* UINavigationController+Rx.swift in Sources */ = {isa = PBXBuildFile; fileRef = 5F81861D1FD3FADB00477C71 /* UINavigationController+Rx.swift */; };
		5F8262111FE0035B001E4423 /* UIConstants.swift in Sources */ = {isa = PBXBuildFile; fileRef = 5F8262101FE0035B001E4423 /* UIConstants.swift */; };
		5F8262141FE00815001E4423 /* Localizable.strings in Resources */ = {isa = PBXBuildFile; fileRef = 5F8262161FE00815001E4423 /* Localizable.strings */; };
		5F84FF9A1FD86350003332B4 /* DMEventManagementViewModel.swift in Sources */ = {isa = PBXBuildFile; fileRef = 5F84FF991FD86350003332B4 /* DMEventManagementViewModel.swift */; };
		5F84FF9C1FD86367003332B4 /* DMEventManagementViewController.swift in Sources */ = {isa = PBXBuildFile; fileRef = 5F84FF9B1FD86367003332B4 /* DMEventManagementViewController.swift */; };
		5F84FF9F1FD98477003332B4 /* BackgroundDisconnectType.swift in Sources */ = {isa = PBXBuildFile; fileRef = 5F84FF9E1FD98477003332B4 /* BackgroundDisconnectType.swift */; };
		5F84FFA11FD98531003332B4 /* MultipeerViewModelType.swift in Sources */ = {isa = PBXBuildFile; fileRef = 5F84FFA01FD98531003332B4 /* MultipeerViewModelType.swift */; };
		5F84FFA31FDAEC82003332B4 /* DMEventSong.swift in Sources */ = {isa = PBXBuildFile; fileRef = 5F84FFA21FDAEC82003332B4 /* DMEventSong.swift */; };
		5F84FFA71FDAF0B8003332B4 /* DMEventSongPersistenceService.swift in Sources */ = {isa = PBXBuildFile; fileRef = 5F84FFA61FDAF0B8003332B4 /* DMEventSongPersistenceService.swift */; };
		5F84FFAC1FDB33F3003332B4 /* DMEventSongPersistedTableViewCell.swift in Sources */ = {isa = PBXBuildFile; fileRef = 5F84FFAB1FDB33F3003332B4 /* DMEventSongPersistedTableViewCell.swift */; };
		5F84FFAE1FDC2F3F003332B4 /* DMEventPeerPersistenceServiceType.swift in Sources */ = {isa = PBXBuildFile; fileRef = 5F84FFAD1FDC2F3F003332B4 /* DMEventPeerPersistenceServiceType.swift */; };
		5F84FFB01FDC3AB0003332B4 /* DMEventPeerPersistenceService.swift in Sources */ = {isa = PBXBuildFile; fileRef = 5F84FFAF1FDC3AB0003332B4 /* DMEventPeerPersistenceService.swift */; };
		5F9C2D231FDED1970067BDC4 /* DMKoelButton.swift in Sources */ = {isa = PBXBuildFile; fileRef = 5F9C2D221FDED1970067BDC4 /* DMKoelButton.swift */; };
		5FA42B5C1FD6E6F600578EF5 /* Notifications.swift in Sources */ = {isa = PBXBuildFile; fileRef = 5FA42B5B1FD6E6F600578EF5 /* Notifications.swift */; };
		5FAFD146206FF5BE00077E39 /* DMSpotifySongTableViewCell.swift in Sources */ = {isa = PBXBuildFile; fileRef = 5FAFD145206FF5BE00077E39 /* DMSpotifySongTableViewCell.swift */; };
		5FB2C9381FE7F428001D532F /* CALayer+Extensions.swift in Sources */ = {isa = PBXBuildFile; fileRef = 5FB2C9371FE7F428001D532F /* CALayer+Extensions.swift */; };
		5FB2C93A1FE7F534001D532F /* CAGradientLayer+Extensions.swift in Sources */ = {isa = PBXBuildFile; fileRef = 5FB2C9391FE7F534001D532F /* CAGradientLayer+Extensions.swift */; };
		5FB2C93E1FE8073B001D532F /* Style.swift in Sources */ = {isa = PBXBuildFile; fileRef = 5FB2C93D1FE8073B001D532F /* Style.swift */; };
		5FB2C9401FE8075F001D532F /* Stylesheet.swift in Sources */ = {isa = PBXBuildFile; fileRef = 5FB2C93F1FE8075F001D532F /* Stylesheet.swift */; };
		5FB2C9421FE92D26001D532F /* Realm+Extensions.swift in Sources */ = {isa = PBXBuildFile; fileRef = 5FB2C9411FE92D25001D532F /* Realm+Extensions.swift */; };
		5FD30C471FEE8ED100861353 /* DMEventSongSharingViewModel.swift in Sources */ = {isa = PBXBuildFile; fileRef = 5FD30C461FEE8ED100861353 /* DMEventSongSharingViewModel.swift */; };
		5FD9306C2073DCEA00943D5C /* DMSpotifyPlaybackService.swift in Sources */ = {isa = PBXBuildFile; fileRef = 5FD9306B2073DCEA00943D5C /* DMSpotifyPlaybackService.swift */; };
		5FD9306E2073DD0700943D5C /* DMPlaybackControlsView.swift in Sources */ = {isa = PBXBuildFile; fileRef = 5FD9306D2073DD0700943D5C /* DMPlaybackControlsView.swift */; };
		5FDEB6BA1F99235500070930 /* DMInitialLoadingViewController.swift in Sources */ = {isa = PBXBuildFile; fileRef = 5FDEB6B81F99235500070930 /* DMInitialLoadingViewController.swift */; };
		5FDEB6BB1F99235500070930 /* DMInitialLoadingViewController.xib in Resources */ = {isa = PBXBuildFile; fileRef = 5FDEB6B91F99235500070930 /* DMInitialLoadingViewController.xib */; };
/* End PBXBuildFile section */

/* Begin PBXContainerItemProxy section */
		5F01EC091F8FD28400E47E6A /* PBXContainerItemProxy */ = {
			isa = PBXContainerItemProxy;
			containerPortal = 5F01EBEC1F8FD28400E47E6A /* Project object */;
			proxyType = 1;
			remoteGlobalIDString = 5F01EBF31F8FD28400E47E6A;
			remoteInfo = Koel;
		};
/* End PBXContainerItemProxy section */

/* Begin PBXFileReference section */
		031D904320566AE4007D1156 /* ReusableView.swift */ = {isa = PBXFileReference; lastKnownFileType = sourcecode.swift; path = ReusableView.swift; sourceTree = "<group>"; };
		031D904520566EB3007D1156 /* SongSharingViewModelType.swift */ = {isa = PBXFileReference; lastKnownFileType = sourcecode.swift; path = SongSharingViewModelType.swift; sourceTree = "<group>"; };
		0342D4E020C4550F00C6B020 /* DMErrorHandlerService.swift */ = {isa = PBXFileReference; lastKnownFileType = sourcecode.swift; path = DMErrorHandlerService.swift; sourceTree = "<group>"; };
		035596D92066B4D20067A737 /* Bindable+PersistedSongs.swift */ = {isa = PBXFileReference; lastKnownFileType = sourcecode.swift; path = "Bindable+PersistedSongs.swift"; sourceTree = "<group>"; };
		035596DB2067FA020067A737 /* DMSpotifySearchService.swift */ = {isa = PBXFileReference; lastKnownFileType = sourcecode.swift; path = DMSpotifySearchService.swift; sourceTree = "<group>"; };
		035596DE206804330067A737 /* DMSpotifySongSearchViewController.swift */ = {isa = PBXFileReference; lastKnownFileType = sourcecode.swift; path = DMSpotifySongSearchViewController.swift; sourceTree = "<group>"; };
		035596E0206804460067A737 /* DMSpotifySongSearchViewModel.swift */ = {isa = PBXFileReference; lastKnownFileType = sourcecode.swift; path = DMSpotifySongSearchViewModel.swift; sourceTree = "<group>"; };
		037A47E1205923980030D25F /* DMEntitySharingService.swift */ = {isa = PBXFileReference; fileEncoding = 4; lastKnownFileType = sourcecode.swift; name = DMEntitySharingService.swift; path = Koel/Services/DMEntitySharingService.swift; sourceTree = SOURCE_ROOT; };
		039A2C6B2078AAE100C58BE5 /* DMEntity.swift */ = {isa = PBXFileReference; lastKnownFileType = sourcecode.swift; path = DMEntity.swift; sourceTree = "<group>"; };
		039A2C6D207A438A00C58BE5 /* Array+Extensions.swift */ = {isa = PBXFileReference; lastKnownFileType = sourcecode.swift; path = "Array+Extensions.swift"; sourceTree = "<group>"; };
		039A726B20C866AB0078D0CD /* ReachabilityService.swift */ = {isa = PBXFileReference; fileEncoding = 4; lastKnownFileType = sourcecode.swift; path = ReachabilityService.swift; sourceTree = "<group>"; };
		1EEEA22101255BEC78867464 /* Pods-Koel.release.xcconfig */ = {isa = PBXFileReference; includeInIndex = 1; lastKnownFileType = text.xcconfig; name = "Pods-Koel.release.xcconfig"; path = "Pods/Target Support Files/Pods-Koel/Pods-Koel.release.xcconfig"; sourceTree = "<group>"; };
		2F9833A4A17A19528964480E /* Pods-Koel.debug.xcconfig */ = {isa = PBXFileReference; includeInIndex = 1; lastKnownFileType = text.xcconfig; name = "Pods-Koel.debug.xcconfig"; path = "Pods/Target Support Files/Pods-Koel/Pods-Koel.debug.xcconfig"; sourceTree = "<group>"; };
		4BFB7D7E45702A7F3768CF64 /* Pods-KoelTests.release.xcconfig */ = {isa = PBXFileReference; includeInIndex = 1; lastKnownFileType = text.xcconfig; name = "Pods-KoelTests.release.xcconfig"; path = "Pods/Target Support Files/Pods-KoelTests/Pods-KoelTests.release.xcconfig"; sourceTree = "<group>"; };
		5F014BD31FB9E20000079009 /* WaveView.swift */ = {isa = PBXFileReference; lastKnownFileType = sourcecode.swift; path = WaveView.swift; sourceTree = "<group>"; };
		5F014BD51FB9E29700079009 /* UIColor+Extensions.swift */ = {isa = PBXFileReference; lastKnownFileType = sourcecode.swift; path = "UIColor+Extensions.swift"; sourceTree = "<group>"; };
		5F01EBF41F8FD28400E47E6A /* Koel.app */ = {isa = PBXFileReference; explicitFileType = wrapper.application; includeInIndex = 0; path = Koel.app; sourceTree = BUILT_PRODUCTS_DIR; };
		5F01EBF71F8FD28400E47E6A /* AppDelegate.swift */ = {isa = PBXFileReference; lastKnownFileType = sourcecode.swift; path = AppDelegate.swift; sourceTree = "<group>"; };
		5F01EBFE1F8FD28400E47E6A /* Assets.xcassets */ = {isa = PBXFileReference; lastKnownFileType = folder.assetcatalog; path = Assets.xcassets; sourceTree = "<group>"; };
		5F01EC011F8FD28400E47E6A /* Base */ = {isa = PBXFileReference; lastKnownFileType = file.storyboard; name = Base; path = Base.lproj/LaunchScreen.storyboard; sourceTree = "<group>"; };
		5F01EC031F8FD28400E47E6A /* Info.plist */ = {isa = PBXFileReference; lastKnownFileType = text.plist.xml; path = Info.plist; sourceTree = "<group>"; };
		5F01EC081F8FD28400E47E6A /* KoelTests.xctest */ = {isa = PBXFileReference; explicitFileType = wrapper.cfbundle; includeInIndex = 0; path = KoelTests.xctest; sourceTree = BUILT_PRODUCTS_DIR; };
		5F01EC0C1F8FD28400E47E6A /* KoelTests.swift */ = {isa = PBXFileReference; lastKnownFileType = sourcecode.swift; path = KoelTests.swift; sourceTree = "<group>"; };
		5F01EC0E1F8FD28400E47E6A /* Info.plist */ = {isa = PBXFileReference; lastKnownFileType = text.plist.xml; path = Info.plist; sourceTree = "<group>"; };
		5F01EC171F8FD2A600E47E6A /* Koel.entitlements */ = {isa = PBXFileReference; lastKnownFileType = text.plist.entitlements; path = Koel.entitlements; sourceTree = "<group>"; };
		5F01EC221F925EB200E47E6A /* CKRecord+Extensions.swift */ = {isa = PBXFileReference; lastKnownFileType = sourcecode.swift; path = "CKRecord+Extensions.swift"; sourceTree = "<group>"; };
		5F37D87F1FF3C4CB002E0ACD /* SpotifyMetadata.framework */ = {isa = PBXFileReference; lastKnownFileType = wrapper.framework; path = SpotifyMetadata.framework; sourceTree = "<group>"; };
		5F37D8801FF3C4CC002E0ACD /* SpotifyAudioPlayback.framework */ = {isa = PBXFileReference; lastKnownFileType = wrapper.framework; path = SpotifyAudioPlayback.framework; sourceTree = "<group>"; };
		5F37D8811FF3C4CC002E0ACD /* SpotifyAuthentication.framework */ = {isa = PBXFileReference; lastKnownFileType = wrapper.framework; path = SpotifyAuthentication.framework; sourceTree = "<group>"; };
		5F37D8851FF3C50B002E0ACD /* Koel-Bridging-Header.h */ = {isa = PBXFileReference; lastKnownFileType = sourcecode.c.h; path = "Koel-Bridging-Header.h"; sourceTree = "<group>"; };
		5F37D8891FF3D0A6002E0ACD /* DMSpotifyAuthService.swift */ = {isa = PBXFileReference; lastKnownFileType = sourcecode.swift; path = DMSpotifyAuthService.swift; sourceTree = "<group>"; };
		5F47B8331FD403780053A0A5 /* DMEventSearchViewController.swift */ = {isa = PBXFileReference; lastKnownFileType = sourcecode.swift; path = DMEventSearchViewController.swift; sourceTree = "<group>"; };
		5F47B83A1FD4073F0053A0A5 /* ViewModelType.swift */ = {isa = PBXFileReference; lastKnownFileType = sourcecode.swift; path = ViewModelType.swift; sourceTree = "<group>"; };
		5F54458A1FD1976D0059A975 /* DMEventSearchViewModel.swift */ = {isa = PBXFileReference; lastKnownFileType = sourcecode.swift; path = DMEventSearchViewModel.swift; sourceTree = "<group>"; };
		5F54458C1FD198C40059A975 /* DMEventInvitationsViewController.swift */ = {isa = PBXFileReference; lastKnownFileType = sourcecode.swift; path = DMEventInvitationsViewController.swift; sourceTree = "<group>"; };
		5F5445941FD594460059A975 /* DMEventParticipationViewModel.swift */ = {isa = PBXFileReference; lastKnownFileType = sourcecode.swift; path = DMEventParticipationViewModel.swift; sourceTree = "<group>"; };
		5F5445961FD594570059A975 /* DMEventParticipationViewController.swift */ = {isa = PBXFileReference; lastKnownFileType = sourcecode.swift; path = DMEventParticipationViewController.swift; sourceTree = "<group>"; };
		5F58F0301F9CB793006B9B47 /* UIViewController+Extensions.swift */ = {isa = PBXFileReference; lastKnownFileType = sourcecode.swift; path = "UIViewController+Extensions.swift"; sourceTree = "<group>"; };
		5F601D3A1FD043DC003DE897 /* DMEventMultipeerService.swift */ = {isa = PBXFileReference; lastKnownFileType = sourcecode.swift; path = DMEventMultipeerService.swift; sourceTree = "<group>"; };
		5F601D3C1FD04851003DE897 /* DMEventInvitationsViewModel.swift */ = {isa = PBXFileReference; lastKnownFileType = sourcecode.swift; path = DMEventInvitationsViewModel.swift; sourceTree = "<group>"; };
		5F8186111FBB6EDB00477C71 /* DMKoelLogoView.swift */ = {isa = PBXFileReference; lastKnownFileType = sourcecode.swift; path = DMKoelLogoView.swift; sourceTree = "<group>"; };
		5F8186131FD2ADA800477C71 /* DMEventPeer.swift */ = {isa = PBXFileReference; lastKnownFileType = sourcecode.swift; path = DMEventPeer.swift; sourceTree = "<group>"; };
		5F8186151FD3F62000477C71 /* Scene.swift */ = {isa = PBXFileReference; lastKnownFileType = sourcecode.swift; path = Scene.swift; sourceTree = "<group>"; };
		5F8186171FD3F7F200477C71 /* BindableType.swift */ = {isa = PBXFileReference; lastKnownFileType = sourcecode.swift; path = BindableType.swift; sourceTree = "<group>"; };
		5F8186191FD3FA6800477C71 /* SceneCoordinatorType.swift */ = {isa = PBXFileReference; lastKnownFileType = sourcecode.swift; path = SceneCoordinatorType.swift; sourceTree = "<group>"; };
		5F81861B1FD3FAB000477C71 /* SceneCoordinator.swift */ = {isa = PBXFileReference; lastKnownFileType = sourcecode.swift; path = SceneCoordinator.swift; sourceTree = "<group>"; };
		5F81861D1FD3FADB00477C71 /* UINavigationController+Rx.swift */ = {isa = PBXFileReference; lastKnownFileType = sourcecode.swift; path = "UINavigationController+Rx.swift"; sourceTree = "<group>"; };
		5F8262101FE0035B001E4423 /* UIConstants.swift */ = {isa = PBXFileReference; lastKnownFileType = sourcecode.swift; path = UIConstants.swift; sourceTree = "<group>"; };
		5F8262151FE00815001E4423 /* en */ = {isa = PBXFileReference; lastKnownFileType = text.plist.strings; name = en; path = en.lproj/Localizable.strings; sourceTree = "<group>"; };
		5F84FF991FD86350003332B4 /* DMEventManagementViewModel.swift */ = {isa = PBXFileReference; lastKnownFileType = sourcecode.swift; path = DMEventManagementViewModel.swift; sourceTree = "<group>"; };
		5F84FF9B1FD86367003332B4 /* DMEventManagementViewController.swift */ = {isa = PBXFileReference; lastKnownFileType = sourcecode.swift; path = DMEventManagementViewController.swift; sourceTree = "<group>"; };
		5F84FF9E1FD98477003332B4 /* BackgroundDisconnectType.swift */ = {isa = PBXFileReference; lastKnownFileType = sourcecode.swift; path = BackgroundDisconnectType.swift; sourceTree = "<group>"; };
		5F84FFA01FD98531003332B4 /* MultipeerViewModelType.swift */ = {isa = PBXFileReference; lastKnownFileType = sourcecode.swift; path = MultipeerViewModelType.swift; sourceTree = "<group>"; };
		5F84FFA21FDAEC82003332B4 /* DMEventSong.swift */ = {isa = PBXFileReference; lastKnownFileType = sourcecode.swift; path = DMEventSong.swift; sourceTree = "<group>"; };
		5F84FFA61FDAF0B8003332B4 /* DMEventSongPersistenceService.swift */ = {isa = PBXFileReference; lastKnownFileType = sourcecode.swift; path = DMEventSongPersistenceService.swift; sourceTree = "<group>"; };
		5F84FFAB1FDB33F3003332B4 /* DMEventSongPersistedTableViewCell.swift */ = {isa = PBXFileReference; lastKnownFileType = sourcecode.swift; path = DMEventSongPersistedTableViewCell.swift; sourceTree = "<group>"; };
		5F84FFAD1FDC2F3F003332B4 /* DMEventPeerPersistenceServiceType.swift */ = {isa = PBXFileReference; lastKnownFileType = sourcecode.swift; path = DMEventPeerPersistenceServiceType.swift; sourceTree = "<group>"; };
		5F84FFAF1FDC3AB0003332B4 /* DMEventPeerPersistenceService.swift */ = {isa = PBXFileReference; lastKnownFileType = sourcecode.swift; path = DMEventPeerPersistenceService.swift; sourceTree = "<group>"; };
		5F9C2D221FDED1970067BDC4 /* DMKoelButton.swift */ = {isa = PBXFileReference; lastKnownFileType = sourcecode.swift; path = DMKoelButton.swift; sourceTree = "<group>"; };
		5FA42B5B1FD6E6F600578EF5 /* Notifications.swift */ = {isa = PBXFileReference; lastKnownFileType = sourcecode.swift; path = Notifications.swift; sourceTree = "<group>"; };
		5FAFD145206FF5BE00077E39 /* DMSpotifySongTableViewCell.swift */ = {isa = PBXFileReference; lastKnownFileType = sourcecode.swift; path = DMSpotifySongTableViewCell.swift; sourceTree = "<group>"; };
		5FB2C9371FE7F428001D532F /* CALayer+Extensions.swift */ = {isa = PBXFileReference; lastKnownFileType = sourcecode.swift; path = "CALayer+Extensions.swift"; sourceTree = "<group>"; };
		5FB2C9391FE7F534001D532F /* CAGradientLayer+Extensions.swift */ = {isa = PBXFileReference; lastKnownFileType = sourcecode.swift; path = "CAGradientLayer+Extensions.swift"; sourceTree = "<group>"; };
		5FB2C93D1FE8073B001D532F /* Style.swift */ = {isa = PBXFileReference; lastKnownFileType = sourcecode.swift; path = Style.swift; sourceTree = "<group>"; };
		5FB2C93F1FE8075F001D532F /* Stylesheet.swift */ = {isa = PBXFileReference; lastKnownFileType = sourcecode.swift; path = Stylesheet.swift; sourceTree = "<group>"; };
		5FB2C9411FE92D25001D532F /* Realm+Extensions.swift */ = {isa = PBXFileReference; lastKnownFileType = sourcecode.swift; path = "Realm+Extensions.swift"; sourceTree = "<group>"; };
		5FD30C461FEE8ED100861353 /* DMEventSongSharingViewModel.swift */ = {isa = PBXFileReference; lastKnownFileType = sourcecode.swift; path = DMEventSongSharingViewModel.swift; sourceTree = "<group>"; };
		5FD9306B2073DCEA00943D5C /* DMSpotifyPlaybackService.swift */ = {isa = PBXFileReference; fileEncoding = 4; lastKnownFileType = sourcecode.swift; path = DMSpotifyPlaybackService.swift; sourceTree = "<group>"; };
		5FD9306D2073DD0700943D5C /* DMPlaybackControlsView.swift */ = {isa = PBXFileReference; fileEncoding = 4; lastKnownFileType = sourcecode.swift; path = DMPlaybackControlsView.swift; sourceTree = "<group>"; };
		5FDEB6B81F99235500070930 /* DMInitialLoadingViewController.swift */ = {isa = PBXFileReference; lastKnownFileType = sourcecode.swift; path = DMInitialLoadingViewController.swift; sourceTree = "<group>"; };
		5FDEB6B91F99235500070930 /* DMInitialLoadingViewController.xib */ = {isa = PBXFileReference; lastKnownFileType = file.xib; path = DMInitialLoadingViewController.xib; sourceTree = "<group>"; };
		859C054680781DDB43D6FFC3 /* Pods_Koel.framework */ = {isa = PBXFileReference; explicitFileType = wrapper.framework; includeInIndex = 0; path = Pods_Koel.framework; sourceTree = BUILT_PRODUCTS_DIR; };
		A861E7CF8C467D863DF841D6 /* Pods-KoelTests.debug.xcconfig */ = {isa = PBXFileReference; includeInIndex = 1; lastKnownFileType = text.xcconfig; name = "Pods-KoelTests.debug.xcconfig"; path = "Pods/Target Support Files/Pods-KoelTests/Pods-KoelTests.debug.xcconfig"; sourceTree = "<group>"; };
		C68936EB8AF29A19F4BC4C74 /* Pods_KoelTests.framework */ = {isa = PBXFileReference; explicitFileType = wrapper.framework; includeInIndex = 0; path = Pods_KoelTests.framework; sourceTree = BUILT_PRODUCTS_DIR; };
/* End PBXFileReference section */

/* Begin PBXFrameworksBuildPhase section */
		5F01EBF11F8FD28400E47E6A /* Frameworks */ = {
			isa = PBXFrameworksBuildPhase;
			buildActionMask = 2147483647;
			files = (
				5F37D8841FF3C4CC002E0ACD /* SpotifyAuthentication.framework in Frameworks */,
				5F37D8831FF3C4CC002E0ACD /* SpotifyAudioPlayback.framework in Frameworks */,
				5F37D8821FF3C4CC002E0ACD /* SpotifyMetadata.framework in Frameworks */,
				33CD43033F2349BABFA21363 /* Pods_Koel.framework in Frameworks */,
			);
			runOnlyForDeploymentPostprocessing = 0;
		};
		5F01EC051F8FD28400E47E6A /* Frameworks */ = {
			isa = PBXFrameworksBuildPhase;
			buildActionMask = 2147483647;
			files = (
				47ADB8775C90C90A34CB0B4E /* Pods_KoelTests.framework in Frameworks */,
			);
			runOnlyForDeploymentPostprocessing = 0;
		};
/* End PBXFrameworksBuildPhase section */

/* Begin PBXGroup section */
		035596DD206802BA0067A737 /* Song Search */ = {
			isa = PBXGroup;
			children = (
				035596DE206804330067A737 /* DMSpotifySongSearchViewController.swift */,
				035596E0206804460067A737 /* DMSpotifySongSearchViewModel.swift */,
				5FAFD145206FF5BE00077E39 /* DMSpotifySongTableViewCell.swift */,
			);
			path = "Song Search";
			sourceTree = "<group>";
		};
		4ED69C3232FD6FE416E4C8DB /* Pods */ = {
			isa = PBXGroup;
			children = (
				2F9833A4A17A19528964480E /* Pods-Koel.debug.xcconfig */,
				1EEEA22101255BEC78867464 /* Pods-Koel.release.xcconfig */,
				A861E7CF8C467D863DF841D6 /* Pods-KoelTests.debug.xcconfig */,
				4BFB7D7E45702A7F3768CF64 /* Pods-KoelTests.release.xcconfig */,
			);
			name = Pods;
			sourceTree = "<group>";
		};
		5F01EBEB1F8FD28400E47E6A = {
			isa = PBXGroup;
			children = (
				5F01EBF61F8FD28400E47E6A /* Koel */,
				5F01EC0B1F8FD28400E47E6A /* KoelTests */,
				5F01EBF51F8FD28400E47E6A /* Products */,
				5F01EC181F8FD2AA00E47E6A /* Frameworks */,
				4ED69C3232FD6FE416E4C8DB /* Pods */,
			);
			sourceTree = "<group>";
		};
		5F01EBF51F8FD28400E47E6A /* Products */ = {
			isa = PBXGroup;
			children = (
				5F01EBF41F8FD28400E47E6A /* Koel.app */,
				5F01EC081F8FD28400E47E6A /* KoelTests.xctest */,
			);
			name = Products;
			sourceTree = "<group>";
		};
		5F01EBF61F8FD28400E47E6A /* Koel */ = {
			isa = PBXGroup;
			children = (
				5F82620B1FDFFE39001E4423 /* Styling */,
				5F9C2D241FDFE59F0067BDC4 /* UI Elements */,
				5FB665DD1FA34B32005C5165 /* Initial Loading */,
				5F84FF9D1FD98429003332B4 /* Protocols */,
				5FB665DA1FA346C5005C5165 /* Coordinator */,
				5F58F0321F9CB7AE006B9B47 /* Extensions */,
				035596DD206802BA0067A737 /* Song Search */,
				5F47B8321FD4034B0053A0A5 /* Event Search */,
				5F5445931FD590470059A975 /* Event Participation */,
				5FDEB6B11F97C02C00070930 /* Event Creation */,
				5F01EC1E1F9256CB00E47E6A /* Services */,
				5F01EC1B1F8FD89600E47E6A /* Model */,
				5F8262161FE00815001E4423 /* Localizable.strings */,
				5F01EC171F8FD2A600E47E6A /* Koel.entitlements */,
				5F01EBF71F8FD28400E47E6A /* AppDelegate.swift */,
				5FA42B5B1FD6E6F600578EF5 /* Notifications.swift */,
				5F01EBFE1F8FD28400E47E6A /* Assets.xcassets */,
				5F01EC001F8FD28400E47E6A /* LaunchScreen.storyboard */,
				5F01EC031F8FD28400E47E6A /* Info.plist */,
				5F37D8851FF3C50B002E0ACD /* Koel-Bridging-Header.h */,
			);
			path = Koel;
			sourceTree = "<group>";
		};
		5F01EC0B1F8FD28400E47E6A /* KoelTests */ = {
			isa = PBXGroup;
			children = (
				5F01EC0C1F8FD28400E47E6A /* KoelTests.swift */,
				5F01EC0E1F8FD28400E47E6A /* Info.plist */,
			);
			path = KoelTests;
			sourceTree = "<group>";
		};
		5F01EC181F8FD2AA00E47E6A /* Frameworks */ = {
			isa = PBXGroup;
			children = (
				5F37D8801FF3C4CC002E0ACD /* SpotifyAudioPlayback.framework */,
				5F37D8811FF3C4CC002E0ACD /* SpotifyAuthentication.framework */,
				5F37D87F1FF3C4CB002E0ACD /* SpotifyMetadata.framework */,
				859C054680781DDB43D6FFC3 /* Pods_Koel.framework */,
				C68936EB8AF29A19F4BC4C74 /* Pods_KoelTests.framework */,
			);
			name = Frameworks;
			sourceTree = "<group>";
		};
		5F01EC1B1F8FD89600E47E6A /* Model */ = {
			isa = PBXGroup;
			children = (
				5F8186131FD2ADA800477C71 /* DMEventPeer.swift */,
				5F84FFA21FDAEC82003332B4 /* DMEventSong.swift */,
				039A2C6B2078AAE100C58BE5 /* DMEntity.swift */,
			);
			path = Model;
			sourceTree = "<group>";
		};
		5F01EC1E1F9256CB00E47E6A /* Services */ = {
			isa = PBXGroup;
			children = (
				039A726B20C866AB0078D0CD /* ReachabilityService.swift */,
				5F548F571FEAB583007412F1 /* Songs */,
				5F601D3A1FD043DC003DE897 /* DMEventMultipeerService.swift */,
				5F84FFAD1FDC2F3F003332B4 /* DMEventPeerPersistenceServiceType.swift */,
				5F84FFAF1FDC3AB0003332B4 /* DMEventPeerPersistenceService.swift */,
				5F37D8891FF3D0A6002E0ACD /* DMSpotifyAuthService.swift */,
				5FD9306B2073DCEA00943D5C /* DMSpotifyPlaybackService.swift */,
				035596DB2067FA020067A737 /* DMSpotifySearchService.swift */,
				0342D4E020C4550F00C6B020 /* DMErrorHandlerService.swift */,
			);
			path = Services;
			sourceTree = "<group>";
		};
		5F47B8321FD4034B0053A0A5 /* Event Search */ = {
			isa = PBXGroup;
			children = (
				5F54458A1FD1976D0059A975 /* DMEventSearchViewModel.swift */,
				5F47B8331FD403780053A0A5 /* DMEventSearchViewController.swift */,
			);
			path = "Event Search";
			sourceTree = "<group>";
		};
		5F5445931FD590470059A975 /* Event Participation */ = {
			isa = PBXGroup;
			children = (
				5F5445941FD594460059A975 /* DMEventParticipationViewModel.swift */,
				5F5445961FD594570059A975 /* DMEventParticipationViewController.swift */,
			);
			path = "Event Participation";
			sourceTree = "<group>";
		};
		5F548F571FEAB583007412F1 /* Songs */ = {
			isa = PBXGroup;
			children = (
				037A47E1205923980030D25F /* DMEntitySharingService.swift */,
				5F84FFA61FDAF0B8003332B4 /* DMEventSongPersistenceService.swift */,
			);
			path = Songs;
			sourceTree = "<group>";
		};
		5F58F0321F9CB7AE006B9B47 /* Extensions */ = {
			isa = PBXGroup;
			children = (
				5F58F0301F9CB793006B9B47 /* UIViewController+Extensions.swift */,
				5F01EC221F925EB200E47E6A /* CKRecord+Extensions.swift */,
				5F014BD51FB9E29700079009 /* UIColor+Extensions.swift */,
				5F81861D1FD3FADB00477C71 /* UINavigationController+Rx.swift */,
				5FB2C9371FE7F428001D532F /* CALayer+Extensions.swift */,
				5FB2C9391FE7F534001D532F /* CAGradientLayer+Extensions.swift */,
				5FB2C9411FE92D25001D532F /* Realm+Extensions.swift */,
				035596D92066B4D20067A737 /* Bindable+PersistedSongs.swift */,
				039A2C6D207A438A00C58BE5 /* Array+Extensions.swift */,
			);
			path = Extensions;
			sourceTree = "<group>";
		};
		5F82620B1FDFFE39001E4423 /* Styling */ = {
			isa = PBXGroup;
			children = (
				5F8262101FE0035B001E4423 /* UIConstants.swift */,
				5FB2C93D1FE8073B001D532F /* Style.swift */,
				5FB2C93F1FE8075F001D532F /* Stylesheet.swift */,
			);
			path = Styling;
			sourceTree = "<group>";
		};
		5F84FF9D1FD98429003332B4 /* Protocols */ = {
			isa = PBXGroup;
			children = (
				5F8186171FD3F7F200477C71 /* BindableType.swift */,
				5F8186191FD3FA6800477C71 /* SceneCoordinatorType.swift */,
				5F47B83A1FD4073F0053A0A5 /* ViewModelType.swift */,
				5F84FF9E1FD98477003332B4 /* BackgroundDisconnectType.swift */,
				5F84FFA01FD98531003332B4 /* MultipeerViewModelType.swift */,
				031D904320566AE4007D1156 /* ReusableView.swift */,
				031D904520566EB3007D1156 /* SongSharingViewModelType.swift */,
			);
			path = Protocols;
			sourceTree = "<group>";
		};
		5F9C2D241FDFE59F0067BDC4 /* UI Elements */ = {
			isa = PBXGroup;
			children = (
				5F8186111FBB6EDB00477C71 /* DMKoelLogoView.swift */,
				5F014BD31FB9E20000079009 /* WaveView.swift */,
				5F9C2D221FDED1970067BDC4 /* DMKoelButton.swift */,
			);
			path = "UI Elements";
			sourceTree = "<group>";
		};
		5FB665DA1FA346C5005C5165 /* Coordinator */ = {
			isa = PBXGroup;
			children = (
				5F8186151FD3F62000477C71 /* Scene.swift */,
				5F81861B1FD3FAB000477C71 /* SceneCoordinator.swift */,
			);
			path = Coordinator;
			sourceTree = "<group>";
		};
		5FB665DD1FA34B32005C5165 /* Initial Loading */ = {
			isa = PBXGroup;
			children = (
				5FDEB6B81F99235500070930 /* DMInitialLoadingViewController.swift */,
				5FDEB6B91F99235500070930 /* DMInitialLoadingViewController.xib */,
			);
			path = "Initial Loading";
			sourceTree = "<group>";
		};
		5FDEB6B11F97C02C00070930 /* Event Creation */ = {
			isa = PBXGroup;
			children = (
				5FD9306D2073DD0700943D5C /* DMPlaybackControlsView.swift */,
				5F601D3C1FD04851003DE897 /* DMEventInvitationsViewModel.swift */,
				5F54458C1FD198C40059A975 /* DMEventInvitationsViewController.swift */,
				5F84FF991FD86350003332B4 /* DMEventManagementViewModel.swift */,
				5F84FF9B1FD86367003332B4 /* DMEventManagementViewController.swift */,
				5F84FFAB1FDB33F3003332B4 /* DMEventSongPersistedTableViewCell.swift */,
				5FD30C461FEE8ED100861353 /* DMEventSongSharingViewModel.swift */,
			);
			path = "Event Creation";
			sourceTree = "<group>";
		};
/* End PBXGroup section */

/* Begin PBXNativeTarget section */
		5F01EBF31F8FD28400E47E6A /* Koel */ = {
			isa = PBXNativeTarget;
			buildConfigurationList = 5F01EC111F8FD28400E47E6A /* Build configuration list for PBXNativeTarget "Koel" */;
			buildPhases = (
				439022389726CF3FEB06DE29 /* [CP] Check Pods Manifest.lock */,
				5F01EBF01F8FD28400E47E6A /* Sources */,
				5F01EBF11F8FD28400E47E6A /* Frameworks */,
				5F01EBF21F8FD28400E47E6A /* Resources */,
				F1E132EE7CB0641C8526A141 /* [CP] Embed Pods Frameworks */,
				A9AD169583329472B524897D /* [CP] Copy Pods Resources */,
			);
			buildRules = (
			);
			dependencies = (
			);
			name = Koel;
			productName = Koel;
			productReference = 5F01EBF41F8FD28400E47E6A /* Koel.app */;
			productType = "com.apple.product-type.application";
		};
		5F01EC071F8FD28400E47E6A /* KoelTests */ = {
			isa = PBXNativeTarget;
			buildConfigurationList = 5F01EC141F8FD28400E47E6A /* Build configuration list for PBXNativeTarget "KoelTests" */;
			buildPhases = (
				85CEA0DCFE884546CB896298 /* [CP] Check Pods Manifest.lock */,
				5F01EC041F8FD28400E47E6A /* Sources */,
				5F01EC051F8FD28400E47E6A /* Frameworks */,
				5F01EC061F8FD28400E47E6A /* Resources */,
				C2ADB3BE506FB9E7F03CE670 /* [CP] Embed Pods Frameworks */,
				D97C56ABB716DF42B9213647 /* [CP] Copy Pods Resources */,
			);
			buildRules = (
			);
			dependencies = (
				5F01EC0A1F8FD28400E47E6A /* PBXTargetDependency */,
			);
			name = KoelTests;
			productName = KoelTests;
			productReference = 5F01EC081F8FD28400E47E6A /* KoelTests.xctest */;
			productType = "com.apple.product-type.bundle.unit-test";
		};
/* End PBXNativeTarget section */

/* Begin PBXProject section */
		5F01EBEC1F8FD28400E47E6A /* Project object */ = {
			isa = PBXProject;
			attributes = {
				LastSwiftUpdateCheck = 0900;
				LastUpgradeCheck = 0900;
				ORGANIZATIONNAME = "Mindaugas Jucius";
				TargetAttributes = {
					5F01EBF31F8FD28400E47E6A = {
						CreatedOnToolsVersion = 9.0;
						LastSwiftMigration = 0920;
						ProvisioningStyle = Automatic;
						SystemCapabilities = {
							com.apple.BackgroundModes = {
								enabled = 1;
							};
							com.apple.Push = {
								enabled = 0;
							};
							com.apple.iCloud = {
								enabled = 0;
							};
						};
					};
					5F01EC071F8FD28400E47E6A = {
						CreatedOnToolsVersion = 9.0;
						ProvisioningStyle = Automatic;
						TestTargetID = 5F01EBF31F8FD28400E47E6A;
					};
				};
			};
			buildConfigurationList = 5F01EBEF1F8FD28400E47E6A /* Build configuration list for PBXProject "Koel" */;
			compatibilityVersion = "Xcode 8.0";
			developmentRegion = en;
			hasScannedForEncodings = 0;
			knownRegions = (
				en,
				Base,
			);
			mainGroup = 5F01EBEB1F8FD28400E47E6A;
			productRefGroup = 5F01EBF51F8FD28400E47E6A /* Products */;
			projectDirPath = "";
			projectRoot = "";
			targets = (
				5F01EBF31F8FD28400E47E6A /* Koel */,
				5F01EC071F8FD28400E47E6A /* KoelTests */,
			);
		};
/* End PBXProject section */

/* Begin PBXResourcesBuildPhase section */
		5F01EBF21F8FD28400E47E6A /* Resources */ = {
			isa = PBXResourcesBuildPhase;
			buildActionMask = 2147483647;
			files = (
				5F01EC021F8FD28400E47E6A /* LaunchScreen.storyboard in Resources */,
				5F8262141FE00815001E4423 /* Localizable.strings in Resources */,
				5F01EBFF1F8FD28400E47E6A /* Assets.xcassets in Resources */,
				5FDEB6BB1F99235500070930 /* DMInitialLoadingViewController.xib in Resources */,
			);
			runOnlyForDeploymentPostprocessing = 0;
		};
		5F01EC061F8FD28400E47E6A /* Resources */ = {
			isa = PBXResourcesBuildPhase;
			buildActionMask = 2147483647;
			files = (
			);
			runOnlyForDeploymentPostprocessing = 0;
		};
/* End PBXResourcesBuildPhase section */

/* Begin PBXShellScriptBuildPhase section */
		439022389726CF3FEB06DE29 /* [CP] Check Pods Manifest.lock */ = {
			isa = PBXShellScriptBuildPhase;
			buildActionMask = 2147483647;
			files = (
			);
			inputPaths = (
				"${PODS_PODFILE_DIR_PATH}/Podfile.lock",
				"${PODS_ROOT}/Manifest.lock",
			);
			name = "[CP] Check Pods Manifest.lock";
			outputPaths = (
				"$(DERIVED_FILE_DIR)/Pods-Koel-checkManifestLockResult.txt",
			);
			runOnlyForDeploymentPostprocessing = 0;
			shellPath = /bin/sh;
			shellScript = "diff \"${PODS_PODFILE_DIR_PATH}/Podfile.lock\" \"${PODS_ROOT}/Manifest.lock\" > /dev/null\nif [ $? != 0 ] ; then\n    # print error to STDERR\n    echo \"error: The sandbox is not in sync with the Podfile.lock. Run 'pod install' or update your CocoaPods installation.\" >&2\n    exit 1\nfi\n# This output is used by Xcode 'outputs' to avoid re-running this script phase.\necho \"SUCCESS\" > \"${SCRIPT_OUTPUT_FILE_0}\"\n";
			showEnvVarsInLog = 0;
		};
		85CEA0DCFE884546CB896298 /* [CP] Check Pods Manifest.lock */ = {
			isa = PBXShellScriptBuildPhase;
			buildActionMask = 2147483647;
			files = (
			);
			inputPaths = (
				"${PODS_PODFILE_DIR_PATH}/Podfile.lock",
				"${PODS_ROOT}/Manifest.lock",
			);
			name = "[CP] Check Pods Manifest.lock";
			outputPaths = (
				"$(DERIVED_FILE_DIR)/Pods-KoelTests-checkManifestLockResult.txt",
			);
			runOnlyForDeploymentPostprocessing = 0;
			shellPath = /bin/sh;
			shellScript = "diff \"${PODS_PODFILE_DIR_PATH}/Podfile.lock\" \"${PODS_ROOT}/Manifest.lock\" > /dev/null\nif [ $? != 0 ] ; then\n    # print error to STDERR\n    echo \"error: The sandbox is not in sync with the Podfile.lock. Run 'pod install' or update your CocoaPods installation.\" >&2\n    exit 1\nfi\n# This output is used by Xcode 'outputs' to avoid re-running this script phase.\necho \"SUCCESS\" > \"${SCRIPT_OUTPUT_FILE_0}\"\n";
			showEnvVarsInLog = 0;
		};
		A9AD169583329472B524897D /* [CP] Copy Pods Resources */ = {
			isa = PBXShellScriptBuildPhase;
			buildActionMask = 2147483647;
			files = (
			);
			inputPaths = (
			);
			name = "[CP] Copy Pods Resources";
			outputPaths = (
			);
			runOnlyForDeploymentPostprocessing = 0;
			shellPath = /bin/sh;
			shellScript = "\"${SRCROOT}/Pods/Target Support Files/Pods-Koel/Pods-Koel-resources.sh\"\n";
			showEnvVarsInLog = 0;
		};
		C2ADB3BE506FB9E7F03CE670 /* [CP] Embed Pods Frameworks */ = {
			isa = PBXShellScriptBuildPhase;
			buildActionMask = 2147483647;
			files = (
			);
			inputPaths = (
			);
			name = "[CP] Embed Pods Frameworks";
			outputPaths = (
			);
			runOnlyForDeploymentPostprocessing = 0;
			shellPath = /bin/sh;
			shellScript = "\"${SRCROOT}/Pods/Target Support Files/Pods-KoelTests/Pods-KoelTests-frameworks.sh\"\n";
			showEnvVarsInLog = 0;
		};
		D97C56ABB716DF42B9213647 /* [CP] Copy Pods Resources */ = {
			isa = PBXShellScriptBuildPhase;
			buildActionMask = 2147483647;
			files = (
			);
			inputPaths = (
			);
			name = "[CP] Copy Pods Resources";
			outputPaths = (
			);
			runOnlyForDeploymentPostprocessing = 0;
			shellPath = /bin/sh;
			shellScript = "\"${SRCROOT}/Pods/Target Support Files/Pods-KoelTests/Pods-KoelTests-resources.sh\"\n";
			showEnvVarsInLog = 0;
		};
		F1E132EE7CB0641C8526A141 /* [CP] Embed Pods Frameworks */ = {
			isa = PBXShellScriptBuildPhase;
			buildActionMask = 2147483647;
			files = (
			);
			inputPaths = (
				"${SRCROOT}/Pods/Target Support Files/Pods-Koel/Pods-Koel-frameworks.sh",
				"${BUILT_PRODUCTS_DIR}/Action/Action.framework",
				"${BUILT_PRODUCTS_DIR}/AlamoRecord/AlamoRecord.framework",
				"${BUILT_PRODUCTS_DIR}/Alamofire/Alamofire.framework",
				"${BUILT_PRODUCTS_DIR}/AlamofireObjectMapper/AlamofireObjectMapper.framework",
				"${BUILT_PRODUCTS_DIR}/Differentiator/Differentiator.framework",
				"${BUILT_PRODUCTS_DIR}/ObjectMapper/ObjectMapper.framework",
				"${BUILT_PRODUCTS_DIR}/ReachabilitySwift/Reachability.framework",
				"${BUILT_PRODUCTS_DIR}/Realm/Realm.framework",
				"${BUILT_PRODUCTS_DIR}/RealmSwift/RealmSwift.framework",
				"${BUILT_PRODUCTS_DIR}/RxCocoa/RxCocoa.framework",
				"${BUILT_PRODUCTS_DIR}/RxDataSources/RxDataSources.framework",
				"${BUILT_PRODUCTS_DIR}/RxOptional/RxOptional.framework",
				"${BUILT_PRODUCTS_DIR}/RxRealm/RxRealm.framework",
				"${BUILT_PRODUCTS_DIR}/RxSwift/RxSwift.framework",
				"${BUILT_PRODUCTS_DIR}/SCSiriWaveformView/SCSiriWaveformView.framework",
				"${BUILT_PRODUCTS_DIR}/Spartan/Spartan.framework",
			);
			name = "[CP] Embed Pods Frameworks";
			outputPaths = (
				"${TARGET_BUILD_DIR}/${FRAMEWORKS_FOLDER_PATH}/Action.framework",
				"${TARGET_BUILD_DIR}/${FRAMEWORKS_FOLDER_PATH}/AlamoRecord.framework",
				"${TARGET_BUILD_DIR}/${FRAMEWORKS_FOLDER_PATH}/Alamofire.framework",
				"${TARGET_BUILD_DIR}/${FRAMEWORKS_FOLDER_PATH}/AlamofireObjectMapper.framework",
				"${TARGET_BUILD_DIR}/${FRAMEWORKS_FOLDER_PATH}/Differentiator.framework",
				"${TARGET_BUILD_DIR}/${FRAMEWORKS_FOLDER_PATH}/ObjectMapper.framework",
				"${TARGET_BUILD_DIR}/${FRAMEWORKS_FOLDER_PATH}/Reachability.framework",
				"${TARGET_BUILD_DIR}/${FRAMEWORKS_FOLDER_PATH}/Realm.framework",
				"${TARGET_BUILD_DIR}/${FRAMEWORKS_FOLDER_PATH}/RealmSwift.framework",
				"${TARGET_BUILD_DIR}/${FRAMEWORKS_FOLDER_PATH}/RxCocoa.framework",
				"${TARGET_BUILD_DIR}/${FRAMEWORKS_FOLDER_PATH}/RxDataSources.framework",
				"${TARGET_BUILD_DIR}/${FRAMEWORKS_FOLDER_PATH}/RxOptional.framework",
				"${TARGET_BUILD_DIR}/${FRAMEWORKS_FOLDER_PATH}/RxRealm.framework",
				"${TARGET_BUILD_DIR}/${FRAMEWORKS_FOLDER_PATH}/RxSwift.framework",
				"${TARGET_BUILD_DIR}/${FRAMEWORKS_FOLDER_PATH}/SCSiriWaveformView.framework",
				"${TARGET_BUILD_DIR}/${FRAMEWORKS_FOLDER_PATH}/Spartan.framework",
			);
			runOnlyForDeploymentPostprocessing = 0;
			shellPath = /bin/sh;
			shellScript = "\"${SRCROOT}/Pods/Target Support Files/Pods-Koel/Pods-Koel-frameworks.sh\"\n";
			showEnvVarsInLog = 0;
		};
/* End PBXShellScriptBuildPhase section */

/* Begin PBXSourcesBuildPhase section */
		5F01EBF01F8FD28400E47E6A /* Sources */ = {
			isa = PBXSourcesBuildPhase;
			buildActionMask = 2147483647;
			files = (
				5FB2C9381FE7F428001D532F /* CALayer+Extensions.swift in Sources */,
				5F84FF9A1FD86350003332B4 /* DMEventManagementViewModel.swift in Sources */,
				5F9C2D231FDED1970067BDC4 /* DMKoelButton.swift in Sources */,
				5FB2C9421FE92D26001D532F /* Realm+Extensions.swift in Sources */,
				5FA42B5C1FD6E6F600578EF5 /* Notifications.swift in Sources */,
				5F84FFA31FDAEC82003332B4 /* DMEventSong.swift in Sources */,
				5F8186121FBB6EDB00477C71 /* DMKoelLogoView.swift in Sources */,
				5F81861E1FD3FADB00477C71 /* UINavigationController+Rx.swift in Sources */,
				5F5445951FD594460059A975 /* DMEventParticipationViewModel.swift in Sources */,
				039A2C6C2078AAE100C58BE5 /* DMEntity.swift in Sources */,
				5FB2C93A1FE7F534001D532F /* CAGradientLayer+Extensions.swift in Sources */,
				5FD9306C2073DCEA00943D5C /* DMSpotifyPlaybackService.swift in Sources */,
				5F84FFAC1FDB33F3003332B4 /* DMEventSongPersistedTableViewCell.swift in Sources */,
				5F601D3D1FD04851003DE897 /* DMEventInvitationsViewModel.swift in Sources */,
				5F84FFA71FDAF0B8003332B4 /* DMEventSongPersistenceService.swift in Sources */,
				5F84FFAE1FDC2F3F003332B4 /* DMEventPeerPersistenceServiceType.swift in Sources */,
				5F8262111FE0035B001E4423 /* UIConstants.swift in Sources */,
				5F84FF9F1FD98477003332B4 /* BackgroundDisconnectType.swift in Sources */,
				5F58F0311F9CB793006B9B47 /* UIViewController+Extensions.swift in Sources */,
				039A2C6E207A438A00C58BE5 /* Array+Extensions.swift in Sources */,
				039A726D20C866AB0078D0CD /* ReachabilityService.swift in Sources */,
				5F01EC231F925EB200E47E6A /* CKRecord+Extensions.swift in Sources */,
				5F601D3B1FD043DC003DE897 /* DMEventMultipeerService.swift in Sources */,
				5F54458E1FD198C40059A975 /* DMEventInvitationsViewController.swift in Sources */,
				031D904420566AE4007D1156 /* ReusableView.swift in Sources */,
				5FD30C471FEE8ED100861353 /* DMEventSongSharingViewModel.swift in Sources */,
				5F84FFA11FD98531003332B4 /* MultipeerViewModelType.swift in Sources */,
				5F5445971FD594570059A975 /* DMEventParticipationViewController.swift in Sources */,
				031D904620566EB3007D1156 /* SongSharingViewModelType.swift in Sources */,
				5F37D88A1FF3D0A6002E0ACD /* DMSpotifyAuthService.swift in Sources */,
				5FAFD146206FF5BE00077E39 /* DMSpotifySongTableViewCell.swift in Sources */,
				5F014BD61FB9E29700079009 /* UIColor+Extensions.swift in Sources */,
				5F81861C1FD3FAB000477C71 /* SceneCoordinator.swift in Sources */,
				035596E1206804460067A737 /* DMSpotifySongSearchViewModel.swift in Sources */,
				5F8186181FD3F7F200477C71 /* BindableType.swift in Sources */,
				5F81861A1FD3FA6800477C71 /* SceneCoordinatorType.swift in Sources */,
				5F8186161FD3F62000477C71 /* Scene.swift in Sources */,
				0342D4E120C4550F00C6B020 /* DMErrorHandlerService.swift in Sources */,
				5FDEB6BA1F99235500070930 /* DMInitialLoadingViewController.swift in Sources */,
				5F84FFB01FDC3AB0003332B4 /* DMEventPeerPersistenceService.swift in Sources */,
				5FB2C93E1FE8073B001D532F /* Style.swift in Sources */,
				5FD9306E2073DD0700943D5C /* DMPlaybackControlsView.swift in Sources */,
				5F8186141FD2ADA800477C71 /* DMEventPeer.swift in Sources */,
				5F01EBF81F8FD28400E47E6A /* AppDelegate.swift in Sources */,
				5F54458B1FD1976D0059A975 /* DMEventSearchViewModel.swift in Sources */,
				5F014BD41FB9E20000079009 /* WaveView.swift in Sources */,
				035596DC2067FA020067A737 /* DMSpotifySearchService.swift in Sources */,
				5F47B8341FD403780053A0A5 /* DMEventSearchViewController.swift in Sources */,
				5FB2C9401FE8075F001D532F /* Stylesheet.swift in Sources */,
				5F47B83B1FD4073F0053A0A5 /* ViewModelType.swift in Sources */,
				037A47E3205923990030D25F /* DMEntitySharingService.swift in Sources */,
				035596DA2066B4D20067A737 /* Bindable+PersistedSongs.swift in Sources */,
				035596DF206804330067A737 /* DMSpotifySongSearchViewController.swift in Sources */,
				5F84FF9C1FD86367003332B4 /* DMEventManagementViewController.swift in Sources */,
			);
			runOnlyForDeploymentPostprocessing = 0;
		};
		5F01EC041F8FD28400E47E6A /* Sources */ = {
			isa = PBXSourcesBuildPhase;
			buildActionMask = 2147483647;
			files = (
				5F01EC0D1F8FD28400E47E6A /* KoelTests.swift in Sources */,
			);
			runOnlyForDeploymentPostprocessing = 0;
		};
/* End PBXSourcesBuildPhase section */

/* Begin PBXTargetDependency section */
		5F01EC0A1F8FD28400E47E6A /* PBXTargetDependency */ = {
			isa = PBXTargetDependency;
			target = 5F01EBF31F8FD28400E47E6A /* Koel */;
			targetProxy = 5F01EC091F8FD28400E47E6A /* PBXContainerItemProxy */;
		};
/* End PBXTargetDependency section */

/* Begin PBXVariantGroup section */
		5F01EC001F8FD28400E47E6A /* LaunchScreen.storyboard */ = {
			isa = PBXVariantGroup;
			children = (
				5F01EC011F8FD28400E47E6A /* Base */,
			);
			name = LaunchScreen.storyboard;
			sourceTree = "<group>";
		};
		5F8262161FE00815001E4423 /* Localizable.strings */ = {
			isa = PBXVariantGroup;
			children = (
				5F8262151FE00815001E4423 /* en */,
			);
			name = Localizable.strings;
			sourceTree = "<group>";
		};
/* End PBXVariantGroup section */

/* Begin XCBuildConfiguration section */
		5F01EC0F1F8FD28400E47E6A /* Debug */ = {
			isa = XCBuildConfiguration;
			buildSettings = {
				ALWAYS_SEARCH_USER_PATHS = NO;
				CLANG_ANALYZER_NONNULL = YES;
				CLANG_ANALYZER_NUMBER_OBJECT_CONVERSION = YES_AGGRESSIVE;
				CLANG_CXX_LANGUAGE_STANDARD = "gnu++14";
				CLANG_CXX_LIBRARY = "libc++";
				CLANG_ENABLE_MODULES = YES;
				CLANG_ENABLE_OBJC_ARC = YES;
				CLANG_WARN_BLOCK_CAPTURE_AUTORELEASING = YES;
				CLANG_WARN_BOOL_CONVERSION = YES;
				CLANG_WARN_COMMA = YES;
				CLANG_WARN_CONSTANT_CONVERSION = YES;
				CLANG_WARN_DIRECT_OBJC_ISA_USAGE = YES_ERROR;
				CLANG_WARN_DOCUMENTATION_COMMENTS = YES;
				CLANG_WARN_EMPTY_BODY = YES;
				CLANG_WARN_ENUM_CONVERSION = YES;
				CLANG_WARN_INFINITE_RECURSION = YES;
				CLANG_WARN_INT_CONVERSION = YES;
				CLANG_WARN_NON_LITERAL_NULL_CONVERSION = YES;
				CLANG_WARN_OBJC_LITERAL_CONVERSION = YES;
				CLANG_WARN_OBJC_ROOT_CLASS = YES_ERROR;
				CLANG_WARN_RANGE_LOOP_ANALYSIS = YES;
				CLANG_WARN_STRICT_PROTOTYPES = YES;
				CLANG_WARN_SUSPICIOUS_MOVE = YES;
				CLANG_WARN_UNGUARDED_AVAILABILITY = YES_AGGRESSIVE;
				CLANG_WARN_UNREACHABLE_CODE = YES;
				CLANG_WARN__DUPLICATE_METHOD_MATCH = YES;
				CODE_SIGN_IDENTITY = "iPhone Developer";
				COPY_PHASE_STRIP = NO;
				DEBUG_INFORMATION_FORMAT = dwarf;
				ENABLE_STRICT_OBJC_MSGSEND = YES;
				ENABLE_TESTABILITY = YES;
				GCC_C_LANGUAGE_STANDARD = gnu11;
				GCC_DYNAMIC_NO_PIC = NO;
				GCC_NO_COMMON_BLOCKS = YES;
				GCC_OPTIMIZATION_LEVEL = 0;
				GCC_PREPROCESSOR_DEFINITIONS = (
					"DEBUG=1",
					"$(inherited)",
				);
				GCC_WARN_64_TO_32_BIT_CONVERSION = YES;
				GCC_WARN_ABOUT_RETURN_TYPE = YES_ERROR;
				GCC_WARN_UNDECLARED_SELECTOR = YES;
				GCC_WARN_UNINITIALIZED_AUTOS = YES_AGGRESSIVE;
				GCC_WARN_UNUSED_FUNCTION = YES;
				GCC_WARN_UNUSED_VARIABLE = YES;
				IPHONEOS_DEPLOYMENT_TARGET = 11.0;
				MTL_ENABLE_DEBUG_INFO = YES;
				ONLY_ACTIVE_ARCH = YES;
				SDKROOT = iphoneos;
				SWIFT_ACTIVE_COMPILATION_CONDITIONS = DEBUG;
				SWIFT_OPTIMIZATION_LEVEL = "-Onone";
			};
			name = Debug;
		};
		5F01EC101F8FD28400E47E6A /* Release */ = {
			isa = XCBuildConfiguration;
			buildSettings = {
				ALWAYS_SEARCH_USER_PATHS = NO;
				CLANG_ANALYZER_NONNULL = YES;
				CLANG_ANALYZER_NUMBER_OBJECT_CONVERSION = YES_AGGRESSIVE;
				CLANG_CXX_LANGUAGE_STANDARD = "gnu++14";
				CLANG_CXX_LIBRARY = "libc++";
				CLANG_ENABLE_MODULES = YES;
				CLANG_ENABLE_OBJC_ARC = YES;
				CLANG_WARN_BLOCK_CAPTURE_AUTORELEASING = YES;
				CLANG_WARN_BOOL_CONVERSION = YES;
				CLANG_WARN_COMMA = YES;
				CLANG_WARN_CONSTANT_CONVERSION = YES;
				CLANG_WARN_DIRECT_OBJC_ISA_USAGE = YES_ERROR;
				CLANG_WARN_DOCUMENTATION_COMMENTS = YES;
				CLANG_WARN_EMPTY_BODY = YES;
				CLANG_WARN_ENUM_CONVERSION = YES;
				CLANG_WARN_INFINITE_RECURSION = YES;
				CLANG_WARN_INT_CONVERSION = YES;
				CLANG_WARN_NON_LITERAL_NULL_CONVERSION = YES;
				CLANG_WARN_OBJC_LITERAL_CONVERSION = YES;
				CLANG_WARN_OBJC_ROOT_CLASS = YES_ERROR;
				CLANG_WARN_RANGE_LOOP_ANALYSIS = YES;
				CLANG_WARN_STRICT_PROTOTYPES = YES;
				CLANG_WARN_SUSPICIOUS_MOVE = YES;
				CLANG_WARN_UNGUARDED_AVAILABILITY = YES_AGGRESSIVE;
				CLANG_WARN_UNREACHABLE_CODE = YES;
				CLANG_WARN__DUPLICATE_METHOD_MATCH = YES;
				CODE_SIGN_IDENTITY = "iPhone Developer";
				COPY_PHASE_STRIP = NO;
				DEBUG_INFORMATION_FORMAT = "dwarf-with-dsym";
				ENABLE_NS_ASSERTIONS = NO;
				ENABLE_STRICT_OBJC_MSGSEND = YES;
				GCC_C_LANGUAGE_STANDARD = gnu11;
				GCC_NO_COMMON_BLOCKS = YES;
				GCC_WARN_64_TO_32_BIT_CONVERSION = YES;
				GCC_WARN_ABOUT_RETURN_TYPE = YES_ERROR;
				GCC_WARN_UNDECLARED_SELECTOR = YES;
				GCC_WARN_UNINITIALIZED_AUTOS = YES_AGGRESSIVE;
				GCC_WARN_UNUSED_FUNCTION = YES;
				GCC_WARN_UNUSED_VARIABLE = YES;
				IPHONEOS_DEPLOYMENT_TARGET = 11.0;
				MTL_ENABLE_DEBUG_INFO = NO;
				SDKROOT = iphoneos;
				SWIFT_OPTIMIZATION_LEVEL = "-Owholemodule";
				VALIDATE_PRODUCT = YES;
			};
			name = Release;
		};
		5F01EC121F8FD28400E47E6A /* Debug */ = {
			isa = XCBuildConfiguration;
			baseConfigurationReference = 2F9833A4A17A19528964480E /* Pods-Koel.debug.xcconfig */;
			buildSettings = {
				ASSETCATALOG_COMPILER_APPICON_NAME = AppIcon;
				CLANG_ENABLE_MODULES = YES;
				CODE_SIGN_STYLE = Automatic;
				DEVELOPMENT_TEAM = PDR4VQLAH4;
				FRAMEWORK_SEARCH_PATHS = (
					"$(inherited)",
					"$(PROJECT_DIR)",
				);
				INFOPLIST_FILE = Koel/Info.plist;
				LD_RUNPATH_SEARCH_PATHS = "$(inherited) @executable_path/Frameworks";
				PRODUCT_BUNDLE_IDENTIFIER = mobile.computing.Koel;
				PRODUCT_NAME = "$(TARGET_NAME)";
				SWIFT_OBJC_BRIDGING_HEADER = "Koel/Koel-Bridging-Header.h";
				SWIFT_OPTIMIZATION_LEVEL = "-Onone";
				SWIFT_VERSION = 4.0;
				TARGETED_DEVICE_FAMILY = "1,2";
			};
			name = Debug;
		};
		5F01EC131F8FD28400E47E6A /* Release */ = {
			isa = XCBuildConfiguration;
			baseConfigurationReference = 1EEEA22101255BEC78867464 /* Pods-Koel.release.xcconfig */;
			buildSettings = {
				ASSETCATALOG_COMPILER_APPICON_NAME = AppIcon;
				CLANG_ENABLE_MODULES = YES;
				CODE_SIGN_STYLE = Automatic;
				DEVELOPMENT_TEAM = PDR4VQLAH4;
				FRAMEWORK_SEARCH_PATHS = (
					"$(inherited)",
					"$(PROJECT_DIR)",
				);
				INFOPLIST_FILE = Koel/Info.plist;
				LD_RUNPATH_SEARCH_PATHS = "$(inherited) @executable_path/Frameworks";
				PRODUCT_BUNDLE_IDENTIFIER = mobile.computing.Koel;
				PRODUCT_NAME = "$(TARGET_NAME)";
				SWIFT_OBJC_BRIDGING_HEADER = "Koel/Koel-Bridging-Header.h";
				SWIFT_VERSION = 4.0;
				TARGETED_DEVICE_FAMILY = "1,2";
			};
			name = Release;
		};
		5F01EC151F8FD28400E47E6A /* Debug */ = {
			isa = XCBuildConfiguration;
			baseConfigurationReference = A861E7CF8C467D863DF841D6 /* Pods-KoelTests.debug.xcconfig */;
			buildSettings = {
				ALWAYS_EMBED_SWIFT_STANDARD_LIBRARIES = YES;
				BUNDLE_LOADER = "$(TEST_HOST)";
				CODE_SIGN_STYLE = Automatic;
				DEVELOPMENT_TEAM = PDR4VQLAH4;
				INFOPLIST_FILE = KoelTests/Info.plist;
				LD_RUNPATH_SEARCH_PATHS = "$(inherited) @executable_path/Frameworks @loader_path/Frameworks";
				PRODUCT_BUNDLE_IDENTIFIER = mobile.computing.KoelTests;
				PRODUCT_NAME = "$(TARGET_NAME)";
				SWIFT_VERSION = 4.0;
				TARGETED_DEVICE_FAMILY = "1,2";
				TEST_HOST = "$(BUILT_PRODUCTS_DIR)/Koel.app/Koel";
			};
			name = Debug;
		};
		5F01EC161F8FD28400E47E6A /* Release */ = {
			isa = XCBuildConfiguration;
			baseConfigurationReference = 4BFB7D7E45702A7F3768CF64 /* Pods-KoelTests.release.xcconfig */;
			buildSettings = {
				ALWAYS_EMBED_SWIFT_STANDARD_LIBRARIES = YES;
				BUNDLE_LOADER = "$(TEST_HOST)";
				CODE_SIGN_STYLE = Automatic;
				DEVELOPMENT_TEAM = PDR4VQLAH4;
				INFOPLIST_FILE = KoelTests/Info.plist;
				LD_RUNPATH_SEARCH_PATHS = "$(inherited) @executable_path/Frameworks @loader_path/Frameworks";
				PRODUCT_BUNDLE_IDENTIFIER = mobile.computing.KoelTests;
				PRODUCT_NAME = "$(TARGET_NAME)";
				SWIFT_VERSION = 4.0;
				TARGETED_DEVICE_FAMILY = "1,2";
				TEST_HOST = "$(BUILT_PRODUCTS_DIR)/Koel.app/Koel";
			};
			name = Release;
		};
/* End XCBuildConfiguration section */

/* Begin XCConfigurationList section */
		5F01EBEF1F8FD28400E47E6A /* Build configuration list for PBXProject "Koel" */ = {
			isa = XCConfigurationList;
			buildConfigurations = (
				5F01EC0F1F8FD28400E47E6A /* Debug */,
				5F01EC101F8FD28400E47E6A /* Release */,
			);
			defaultConfigurationIsVisible = 0;
			defaultConfigurationName = Release;
		};
		5F01EC111F8FD28400E47E6A /* Build configuration list for PBXNativeTarget "Koel" */ = {
			isa = XCConfigurationList;
			buildConfigurations = (
				5F01EC121F8FD28400E47E6A /* Debug */,
				5F01EC131F8FD28400E47E6A /* Release */,
			);
			defaultConfigurationIsVisible = 0;
			defaultConfigurationName = Release;
		};
		5F01EC141F8FD28400E47E6A /* Build configuration list for PBXNativeTarget "KoelTests" */ = {
			isa = XCConfigurationList;
			buildConfigurations = (
				5F01EC151F8FD28400E47E6A /* Debug */,
				5F01EC161F8FD28400E47E6A /* Release */,
			);
			defaultConfigurationIsVisible = 0;
			defaultConfigurationName = Release;
		};
/* End XCConfigurationList section */
	};
	rootObject = 5F01EBEC1F8FD28400E47E6A /* Project object */;
}
