// !$*UTF8*$!
{
	archiveVersion = 1;
	classes = {
	};
	objectVersion = 48;
	objects = {

/* Begin PBXBuildFile section */
		33CD43033F2349BABFA21363 /* Pods_Koel.framework in Frameworks */ = {isa = PBXBuildFile; fileRef = 859C054680781DDB43D6FFC3 /* Pods_Koel.framework */; };
		47ADB8775C90C90A34CB0B4E /* Pods_KoelTests.framework in Frameworks */ = {isa = PBXBuildFile; fileRef = C68936EB8AF29A19F4BC4C74 /* Pods_KoelTests.framework */; };
		5F014BD41FB9E20000079009 /* WaveView.swift in Sources */ = {isa = PBXBuildFile; fileRef = 5F014BD31FB9E20000079009 /* WaveView.swift */; };
		5F014BD61FB9E29700079009 /* UIColor+Extensions.swift in Sources */ = {isa = PBXBuildFile; fileRef = 5F014BD51FB9E29700079009 /* UIColor+Extensions.swift */; };
		5F01EBF81F8FD28400E47E6A /* AppDelegate.swift in Sources */ = {isa = PBXBuildFile; fileRef = 5F01EBF71F8FD28400E47E6A /* AppDelegate.swift */; };
		5F01EBFA1F8FD28400E47E6A /* DMSongQueueViewController.swift in Sources */ = {isa = PBXBuildFile; fileRef = 5F01EBF91F8FD28400E47E6A /* DMSongQueueViewController.swift */; };
		5F01EBFF1F8FD28400E47E6A /* Assets.xcassets in Resources */ = {isa = PBXBuildFile; fileRef = 5F01EBFE1F8FD28400E47E6A /* Assets.xcassets */; };
		5F01EC021F8FD28400E47E6A /* LaunchScreen.storyboard in Resources */ = {isa = PBXBuildFile; fileRef = 5F01EC001F8FD28400E47E6A /* LaunchScreen.storyboard */; };
		5F01EC0D1F8FD28400E47E6A /* KoelTests.swift in Sources */ = {isa = PBXBuildFile; fileRef = 5F01EC0C1F8FD28400E47E6A /* KoelTests.swift */; };
		5F01EC1A1F8FD2AA00E47E6A /* CloudKit.framework in Frameworks */ = {isa = PBXBuildFile; fileRef = 5F01EC191F8FD2AA00E47E6A /* CloudKit.framework */; };
		5F01EC1D1F8FD8C100E47E6A /* DMEventManager.swift in Sources */ = {isa = PBXBuildFile; fileRef = 5F01EC1C1F8FD8C100E47E6A /* DMEventManager.swift */; };
		5F01EC201F92570500E47E6A /* DMSong.swift in Sources */ = {isa = PBXBuildFile; fileRef = 5F01EC1F1F92570500E47E6A /* DMSong.swift */; };
		5F01EC231F925EB200E47E6A /* CKRecord+Extensions.swift in Sources */ = {isa = PBXBuildFile; fileRef = 5F01EC221F925EB200E47E6A /* CKRecord+Extensions.swift */; };
		5F01EC251F925F8C00E47E6A /* DMUserManager.swift in Sources */ = {isa = PBXBuildFile; fileRef = 5F01EC241F925F8C00E47E6A /* DMUserManager.swift */; };
		5F58F0311F9CB793006B9B47 /* UIViewController+Extensions.swift in Sources */ = {isa = PBXBuildFile; fileRef = 5F58F0301F9CB793006B9B47 /* UIViewController+Extensions.swift */; };
		5F58F0341F9D142C006B9B47 /* CKRecordModel.swift in Sources */ = {isa = PBXBuildFile; fileRef = 5F58F0331F9D142C006B9B47 /* CKRecordModel.swift */; };
		5F601D3B1FD043DC003DE897 /* DMEventMultipeerService.swift in Sources */ = {isa = PBXBuildFile; fileRef = 5F601D3A1FD043DC003DE897 /* DMEventMultipeerService.swift */; };
		5F601D3D1FD04851003DE897 /* DMEventCreationViewModel.swift in Sources */ = {isa = PBXBuildFile; fileRef = 5F601D3C1FD04851003DE897 /* DMEventCreationViewModel.swift */; };
		5F8186121FBB6EDB00477C71 /* DMKoelLogoView.swift in Sources */ = {isa = PBXBuildFile; fileRef = 5F8186111FBB6EDB00477C71 /* DMKoelLogoView.swift */; };
		5FB28BE11F90EA3900B670E6 /* DMEvent.swift in Sources */ = {isa = PBXBuildFile; fileRef = 5FB28BE01F90EA3900B670E6 /* DMEvent.swift */; };
		5FB28BE31F90ECEA00B670E6 /* DMUserDefaultsHelper.swift in Sources */ = {isa = PBXBuildFile; fileRef = 5FB28BE21F90ECEA00B670E6 /* DMUserDefaultsHelper.swift */; };
		5FB665D91FA346BC005C5165 /* AppCoordinator.swift in Sources */ = {isa = PBXBuildFile; fileRef = 5FB665D81FA346BC005C5165 /* AppCoordinator.swift */; };
		5FB665DC1FA346DE005C5165 /* Coordinator.swift in Sources */ = {isa = PBXBuildFile; fileRef = 5FB665DB1FA346DE005C5165 /* Coordinator.swift */; };
		5FB665DF1FA34B61005C5165 /* DMInitialLoadingViewModel.swift in Sources */ = {isa = PBXBuildFile; fileRef = 5FB665DE1FA34B61005C5165 /* DMInitialLoadingViewModel.swift */; };
		5FB665E11FA351A9005C5165 /* DMInitialLoadingCoordinator.swift in Sources */ = {isa = PBXBuildFile; fileRef = 5FB665E01FA351A9005C5165 /* DMInitialLoadingCoordinator.swift */; };
		5FDEB6B01F97BEF400070930 /* DMSongQueueViewController.xib in Resources */ = {isa = PBXBuildFile; fileRef = 5FDEB6AF1F97BEF400070930 /* DMSongQueueViewController.xib */; };
		5FDEB6B41F97C07000070930 /* DMEventCreationViewController.swift in Sources */ = {isa = PBXBuildFile; fileRef = 5FDEB6B21F97C07000070930 /* DMEventCreationViewController.swift */; };
		5FDEB6B51F97C07000070930 /* DMEventCreationViewController.xib in Resources */ = {isa = PBXBuildFile; fileRef = 5FDEB6B31F97C07000070930 /* DMEventCreationViewController.xib */; };
		5FDEB6B71F99114800070930 /* DMUser.swift in Sources */ = {isa = PBXBuildFile; fileRef = 5FDEB6B61F99114800070930 /* DMUser.swift */; };
		5FDEB6BA1F99235500070930 /* DMInitialLoadingViewController.swift in Sources */ = {isa = PBXBuildFile; fileRef = 5FDEB6B81F99235500070930 /* DMInitialLoadingViewController.swift */; };
		5FDEB6BB1F99235500070930 /* DMInitialLoadingViewController.xib in Resources */ = {isa = PBXBuildFile; fileRef = 5FDEB6B91F99235500070930 /* DMInitialLoadingViewController.xib */; };
		5FF67D4B1F9795F7001E66FA /* DMSongManager.swift in Sources */ = {isa = PBXBuildFile; fileRef = 5FF67D4A1F9795F7001E66FA /* DMSongManager.swift */; };
/* End PBXBuildFile section */

/* Begin PBXContainerItemProxy section */
		5F01EC091F8FD28400E47E6A /* PBXContainerItemProxy */ = {
			isa = PBXContainerItemProxy;
			containerPortal = 5F01EBEC1F8FD28400E47E6A /* Project object */;
			proxyType = 1;
			remoteGlobalIDString = 5F01EBF31F8FD28400E47E6A;
			remoteInfo = Koel;
		};
/* End PBXContainerItemProxy section */

/* Begin PBXFileReference section */
		1EEEA22101255BEC78867464 /* Pods-Koel.release.xcconfig */ = {isa = PBXFileReference; includeInIndex = 1; lastKnownFileType = text.xcconfig; name = "Pods-Koel.release.xcconfig"; path = "Pods/Target Support Files/Pods-Koel/Pods-Koel.release.xcconfig"; sourceTree = "<group>"; };
		2F9833A4A17A19528964480E /* Pods-Koel.debug.xcconfig */ = {isa = PBXFileReference; includeInIndex = 1; lastKnownFileType = text.xcconfig; name = "Pods-Koel.debug.xcconfig"; path = "Pods/Target Support Files/Pods-Koel/Pods-Koel.debug.xcconfig"; sourceTree = "<group>"; };
		4BFB7D7E45702A7F3768CF64 /* Pods-KoelTests.release.xcconfig */ = {isa = PBXFileReference; includeInIndex = 1; lastKnownFileType = text.xcconfig; name = "Pods-KoelTests.release.xcconfig"; path = "Pods/Target Support Files/Pods-KoelTests/Pods-KoelTests.release.xcconfig"; sourceTree = "<group>"; };
		5F014BD31FB9E20000079009 /* WaveView.swift */ = {isa = PBXFileReference; lastKnownFileType = sourcecode.swift; path = WaveView.swift; sourceTree = "<group>"; };
		5F014BD51FB9E29700079009 /* UIColor+Extensions.swift */ = {isa = PBXFileReference; lastKnownFileType = sourcecode.swift; path = "UIColor+Extensions.swift"; sourceTree = "<group>"; };
		5F01EBF41F8FD28400E47E6A /* Koel.app */ = {isa = PBXFileReference; explicitFileType = wrapper.application; includeInIndex = 0; path = Koel.app; sourceTree = BUILT_PRODUCTS_DIR; };
		5F01EBF71F8FD28400E47E6A /* AppDelegate.swift */ = {isa = PBXFileReference; lastKnownFileType = sourcecode.swift; path = AppDelegate.swift; sourceTree = "<group>"; };
		5F01EBF91F8FD28400E47E6A /* DMSongQueueViewController.swift */ = {isa = PBXFileReference; lastKnownFileType = sourcecode.swift; path = DMSongQueueViewController.swift; sourceTree = "<group>"; };
		5F01EBFE1F8FD28400E47E6A /* Assets.xcassets */ = {isa = PBXFileReference; lastKnownFileType = folder.assetcatalog; path = Assets.xcassets; sourceTree = "<group>"; };
		5F01EC011F8FD28400E47E6A /* Base */ = {isa = PBXFileReference; lastKnownFileType = file.storyboard; name = Base; path = Base.lproj/LaunchScreen.storyboard; sourceTree = "<group>"; };
		5F01EC031F8FD28400E47E6A /* Info.plist */ = {isa = PBXFileReference; lastKnownFileType = text.plist.xml; path = Info.plist; sourceTree = "<group>"; };
		5F01EC081F8FD28400E47E6A /* KoelTests.xctest */ = {isa = PBXFileReference; explicitFileType = wrapper.cfbundle; includeInIndex = 0; path = KoelTests.xctest; sourceTree = BUILT_PRODUCTS_DIR; };
		5F01EC0C1F8FD28400E47E6A /* KoelTests.swift */ = {isa = PBXFileReference; lastKnownFileType = sourcecode.swift; path = KoelTests.swift; sourceTree = "<group>"; };
		5F01EC0E1F8FD28400E47E6A /* Info.plist */ = {isa = PBXFileReference; lastKnownFileType = text.plist.xml; path = Info.plist; sourceTree = "<group>"; };
		5F01EC171F8FD2A600E47E6A /* Koel.entitlements */ = {isa = PBXFileReference; lastKnownFileType = text.plist.entitlements; path = Koel.entitlements; sourceTree = "<group>"; };
		5F01EC191F8FD2AA00E47E6A /* CloudKit.framework */ = {isa = PBXFileReference; lastKnownFileType = wrapper.framework; name = CloudKit.framework; path = System/Library/Frameworks/CloudKit.framework; sourceTree = SDKROOT; };
		5F01EC1C1F8FD8C100E47E6A /* DMEventManager.swift */ = {isa = PBXFileReference; lastKnownFileType = sourcecode.swift; path = DMEventManager.swift; sourceTree = "<group>"; };
		5F01EC1F1F92570500E47E6A /* DMSong.swift */ = {isa = PBXFileReference; lastKnownFileType = sourcecode.swift; path = DMSong.swift; sourceTree = "<group>"; };
		5F01EC221F925EB200E47E6A /* CKRecord+Extensions.swift */ = {isa = PBXFileReference; lastKnownFileType = sourcecode.swift; path = "CKRecord+Extensions.swift"; sourceTree = "<group>"; };
		5F01EC241F925F8C00E47E6A /* DMUserManager.swift */ = {isa = PBXFileReference; lastKnownFileType = sourcecode.swift; path = DMUserManager.swift; sourceTree = "<group>"; };
		5F58F0301F9CB793006B9B47 /* UIViewController+Extensions.swift */ = {isa = PBXFileReference; lastKnownFileType = sourcecode.swift; path = "UIViewController+Extensions.swift"; sourceTree = "<group>"; };
		5F58F0331F9D142C006B9B47 /* CKRecordModel.swift */ = {isa = PBXFileReference; lastKnownFileType = sourcecode.swift; path = CKRecordModel.swift; sourceTree = "<group>"; };
		5F601D3A1FD043DC003DE897 /* DMEventMultipeerService.swift */ = {isa = PBXFileReference; lastKnownFileType = sourcecode.swift; path = DMEventMultipeerService.swift; sourceTree = "<group>"; };
		5F601D3C1FD04851003DE897 /* DMEventCreationViewModel.swift */ = {isa = PBXFileReference; lastKnownFileType = sourcecode.swift; path = DMEventCreationViewModel.swift; sourceTree = "<group>"; };
		5F8186111FBB6EDB00477C71 /* DMKoelLogoView.swift */ = {isa = PBXFileReference; lastKnownFileType = sourcecode.swift; path = DMKoelLogoView.swift; sourceTree = "<group>"; };
		5FB28BE01F90EA3900B670E6 /* DMEvent.swift */ = {isa = PBXFileReference; lastKnownFileType = sourcecode.swift; path = DMEvent.swift; sourceTree = "<group>"; };
		5FB28BE21F90ECEA00B670E6 /* DMUserDefaultsHelper.swift */ = {isa = PBXFileReference; lastKnownFileType = sourcecode.swift; path = DMUserDefaultsHelper.swift; sourceTree = "<group>"; };
		5FB665D81FA346BC005C5165 /* AppCoordinator.swift */ = {isa = PBXFileReference; lastKnownFileType = sourcecode.swift; path = AppCoordinator.swift; sourceTree = "<group>"; };
		5FB665DB1FA346DE005C5165 /* Coordinator.swift */ = {isa = PBXFileReference; lastKnownFileType = sourcecode.swift; path = Coordinator.swift; sourceTree = "<group>"; };
		5FB665DE1FA34B61005C5165 /* DMInitialLoadingViewModel.swift */ = {isa = PBXFileReference; lastKnownFileType = sourcecode.swift; path = DMInitialLoadingViewModel.swift; sourceTree = "<group>"; };
		5FB665E01FA351A9005C5165 /* DMInitialLoadingCoordinator.swift */ = {isa = PBXFileReference; lastKnownFileType = sourcecode.swift; path = DMInitialLoadingCoordinator.swift; sourceTree = "<group>"; };
		5FDEB6AF1F97BEF400070930 /* DMSongQueueViewController.xib */ = {isa = PBXFileReference; lastKnownFileType = file.xib; path = DMSongQueueViewController.xib; sourceTree = "<group>"; };
		5FDEB6B21F97C07000070930 /* DMEventCreationViewController.swift */ = {isa = PBXFileReference; lastKnownFileType = sourcecode.swift; path = DMEventCreationViewController.swift; sourceTree = "<group>"; };
		5FDEB6B31F97C07000070930 /* DMEventCreationViewController.xib */ = {isa = PBXFileReference; lastKnownFileType = file.xib; path = DMEventCreationViewController.xib; sourceTree = "<group>"; };
		5FDEB6B61F99114800070930 /* DMUser.swift */ = {isa = PBXFileReference; lastKnownFileType = sourcecode.swift; path = DMUser.swift; sourceTree = "<group>"; };
		5FDEB6B81F99235500070930 /* DMInitialLoadingViewController.swift */ = {isa = PBXFileReference; lastKnownFileType = sourcecode.swift; path = DMInitialLoadingViewController.swift; sourceTree = "<group>"; };
		5FDEB6B91F99235500070930 /* DMInitialLoadingViewController.xib */ = {isa = PBXFileReference; lastKnownFileType = file.xib; path = DMInitialLoadingViewController.xib; sourceTree = "<group>"; };
		5FF67D4A1F9795F7001E66FA /* DMSongManager.swift */ = {isa = PBXFileReference; lastKnownFileType = sourcecode.swift; path = DMSongManager.swift; sourceTree = "<group>"; };
		859C054680781DDB43D6FFC3 /* Pods_Koel.framework */ = {isa = PBXFileReference; explicitFileType = wrapper.framework; includeInIndex = 0; path = Pods_Koel.framework; sourceTree = BUILT_PRODUCTS_DIR; };
		A861E7CF8C467D863DF841D6 /* Pods-KoelTests.debug.xcconfig */ = {isa = PBXFileReference; includeInIndex = 1; lastKnownFileType = text.xcconfig; name = "Pods-KoelTests.debug.xcconfig"; path = "Pods/Target Support Files/Pods-KoelTests/Pods-KoelTests.debug.xcconfig"; sourceTree = "<group>"; };
		C68936EB8AF29A19F4BC4C74 /* Pods_KoelTests.framework */ = {isa = PBXFileReference; explicitFileType = wrapper.framework; includeInIndex = 0; path = Pods_KoelTests.framework; sourceTree = BUILT_PRODUCTS_DIR; };
/* End PBXFileReference section */

/* Begin PBXFrameworksBuildPhase section */
		5F01EBF11F8FD28400E47E6A /* Frameworks */ = {
			isa = PBXFrameworksBuildPhase;
			buildActionMask = 2147483647;
			files = (
				5F01EC1A1F8FD2AA00E47E6A /* CloudKit.framework in Frameworks */,
				33CD43033F2349BABFA21363 /* Pods_Koel.framework in Frameworks */,
			);
			runOnlyForDeploymentPostprocessing = 0;
		};
		5F01EC051F8FD28400E47E6A /* Frameworks */ = {
			isa = PBXFrameworksBuildPhase;
			buildActionMask = 2147483647;
			files = (
				47ADB8775C90C90A34CB0B4E /* Pods_KoelTests.framework in Frameworks */,
			);
			runOnlyForDeploymentPostprocessing = 0;
		};
/* End PBXFrameworksBuildPhase section */

/* Begin PBXGroup section */
		4ED69C3232FD6FE416E4C8DB /* Pods */ = {
			isa = PBXGroup;
			children = (
				2F9833A4A17A19528964480E /* Pods-Koel.debug.xcconfig */,
				1EEEA22101255BEC78867464 /* Pods-Koel.release.xcconfig */,
				A861E7CF8C467D863DF841D6 /* Pods-KoelTests.debug.xcconfig */,
				4BFB7D7E45702A7F3768CF64 /* Pods-KoelTests.release.xcconfig */,
			);
			name = Pods;
			sourceTree = "<group>";
		};
		5F01EBEB1F8FD28400E47E6A = {
			isa = PBXGroup;
			children = (
				5F01EBF61F8FD28400E47E6A /* Koel */,
				5F01EC0B1F8FD28400E47E6A /* KoelTests */,
				5F01EBF51F8FD28400E47E6A /* Products */,
				5F01EC181F8FD2AA00E47E6A /* Frameworks */,
				4ED69C3232FD6FE416E4C8DB /* Pods */,
			);
			sourceTree = "<group>";
		};
		5F01EBF51F8FD28400E47E6A /* Products */ = {
			isa = PBXGroup;
			children = (
				5F01EBF41F8FD28400E47E6A /* Koel.app */,
				5F01EC081F8FD28400E47E6A /* KoelTests.xctest */,
			);
			name = Products;
			sourceTree = "<group>";
		};
		5F01EBF61F8FD28400E47E6A /* Koel */ = {
			isa = PBXGroup;
			children = (
				5F014BD31FB9E20000079009 /* WaveView.swift */,
				5FB665DD1FA34B32005C5165 /* Initial Loading */,
				5FB665DA1FA346C5005C5165 /* AppCoordinator */,
				5F58F0321F9CB7AE006B9B47 /* Extensions */,
				5FDEB6B11F97C02C00070930 /* Event Creation */,
				5FDEB6AE1F97BE4C00070930 /* Song Queue */,
				5F01EC211F925E9700E47E6A /* Helpers */,
				5F01EC1E1F9256CB00E47E6A /* Services */,
				5F01EC1B1F8FD89600E47E6A /* Model */,
				5F01EC171F8FD2A600E47E6A /* Koel.entitlements */,
				5F01EBF71F8FD28400E47E6A /* AppDelegate.swift */,
				5F01EBFE1F8FD28400E47E6A /* Assets.xcassets */,
				5F01EC001F8FD28400E47E6A /* LaunchScreen.storyboard */,
				5F01EC031F8FD28400E47E6A /* Info.plist */,
			);
			path = Koel;
			sourceTree = "<group>";
		};
		5F01EC0B1F8FD28400E47E6A /* KoelTests */ = {
			isa = PBXGroup;
			children = (
				5F01EC0C1F8FD28400E47E6A /* KoelTests.swift */,
				5F01EC0E1F8FD28400E47E6A /* Info.plist */,
			);
			path = KoelTests;
			sourceTree = "<group>";
		};
		5F01EC181F8FD2AA00E47E6A /* Frameworks */ = {
			isa = PBXGroup;
			children = (
				5F01EC191F8FD2AA00E47E6A /* CloudKit.framework */,
				859C054680781DDB43D6FFC3 /* Pods_Koel.framework */,
				C68936EB8AF29A19F4BC4C74 /* Pods_KoelTests.framework */,
			);
			name = Frameworks;
			sourceTree = "<group>";
		};
		5F01EC1B1F8FD89600E47E6A /* Model */ = {
			isa = PBXGroup;
			children = (
				5FB28BE01F90EA3900B670E6 /* DMEvent.swift */,
				5F01EC1F1F92570500E47E6A /* DMSong.swift */,
				5FDEB6B61F99114800070930 /* DMUser.swift */,
				5F58F0331F9D142C006B9B47 /* CKRecordModel.swift */,
			);
			path = Model;
			sourceTree = "<group>";
		};
		5F01EC1E1F9256CB00E47E6A /* Services */ = {
			isa = PBXGroup;
			children = (
				5F01EC1C1F8FD8C100E47E6A /* DMEventManager.swift */,
				5F01EC241F925F8C00E47E6A /* DMUserManager.swift */,
				5FF67D4A1F9795F7001E66FA /* DMSongManager.swift */,
				5F601D3A1FD043DC003DE897 /* DMEventMultipeerService.swift */,
			);
			path = Services;
			sourceTree = "<group>";
		};
		5F01EC211F925E9700E47E6A /* Helpers */ = {
			isa = PBXGroup;
			children = (
				5FB28BE21F90ECEA00B670E6 /* DMUserDefaultsHelper.swift */,
			);
			path = Helpers;
			sourceTree = "<group>";
		};
		5F58F0321F9CB7AE006B9B47 /* Extensions */ = {
			isa = PBXGroup;
			children = (
				5F58F0301F9CB793006B9B47 /* UIViewController+Extensions.swift */,
				5F01EC221F925EB200E47E6A /* CKRecord+Extensions.swift */,
				5F014BD51FB9E29700079009 /* UIColor+Extensions.swift */,
			);
			path = Extensions;
			sourceTree = "<group>";
		};
		5FB665DA1FA346C5005C5165 /* AppCoordinator */ = {
			isa = PBXGroup;
			children = (
				5FB665D81FA346BC005C5165 /* AppCoordinator.swift */,
				5FB665DB1FA346DE005C5165 /* Coordinator.swift */,
			);
			path = AppCoordinator;
			sourceTree = "<group>";
		};
		5FB665DD1FA34B32005C5165 /* Initial Loading */ = {
			isa = PBXGroup;
			children = (
				5FDEB6B81F99235500070930 /* DMInitialLoadingViewController.swift */,
				5FDEB6B91F99235500070930 /* DMInitialLoadingViewController.xib */,
				5FB665DE1FA34B61005C5165 /* DMInitialLoadingViewModel.swift */,
				5FB665E01FA351A9005C5165 /* DMInitialLoadingCoordinator.swift */,
				5F8186111FBB6EDB00477C71 /* DMKoelLogoView.swift */,
			);
			path = "Initial Loading";
			sourceTree = "<group>";
		};
		5FDEB6AE1F97BE4C00070930 /* Song Queue */ = {
			isa = PBXGroup;
			children = (
				5F01EBF91F8FD28400E47E6A /* DMSongQueueViewController.swift */,
				5FDEB6AF1F97BEF400070930 /* DMSongQueueViewController.xib */,
			);
			path = "Song Queue";
			sourceTree = "<group>";
		};
		5FDEB6B11F97C02C00070930 /* Event Creation */ = {
			isa = PBXGroup;
			children = (
				5FDEB6B21F97C07000070930 /* DMEventCreationViewController.swift */,
				5FDEB6B31F97C07000070930 /* DMEventCreationViewController.xib */,
				5F601D3C1FD04851003DE897 /* DMEventCreationViewModel.swift */,
			);
			path = "Event Creation";
			sourceTree = "<group>";
		};
/* End PBXGroup section */

/* Begin PBXNativeTarget section */
		5F01EBF31F8FD28400E47E6A /* Koel */ = {
			isa = PBXNativeTarget;
			buildConfigurationList = 5F01EC111F8FD28400E47E6A /* Build configuration list for PBXNativeTarget "Koel" */;
			buildPhases = (
				439022389726CF3FEB06DE29 /* [CP] Check Pods Manifest.lock */,
				5F01EBF01F8FD28400E47E6A /* Sources */,
				5F01EBF11F8FD28400E47E6A /* Frameworks */,
				5F01EBF21F8FD28400E47E6A /* Resources */,
				F1E132EE7CB0641C8526A141 /* [CP] Embed Pods Frameworks */,
				A9AD169583329472B524897D /* [CP] Copy Pods Resources */,
			);
			buildRules = (
			);
			dependencies = (
			);
			name = Koel;
			productName = Koel;
			productReference = 5F01EBF41F8FD28400E47E6A /* Koel.app */;
			productType = "com.apple.product-type.application";
		};
		5F01EC071F8FD28400E47E6A /* KoelTests */ = {
			isa = PBXNativeTarget;
			buildConfigurationList = 5F01EC141F8FD28400E47E6A /* Build configuration list for PBXNativeTarget "KoelTests" */;
			buildPhases = (
				85CEA0DCFE884546CB896298 /* [CP] Check Pods Manifest.lock */,
				5F01EC041F8FD28400E47E6A /* Sources */,
				5F01EC051F8FD28400E47E6A /* Frameworks */,
				5F01EC061F8FD28400E47E6A /* Resources */,
				C2ADB3BE506FB9E7F03CE670 /* [CP] Embed Pods Frameworks */,
				D97C56ABB716DF42B9213647 /* [CP] Copy Pods Resources */,
			);
			buildRules = (
			);
			dependencies = (
				5F01EC0A1F8FD28400E47E6A /* PBXTargetDependency */,
			);
			name = KoelTests;
			productName = KoelTests;
			productReference = 5F01EC081F8FD28400E47E6A /* KoelTests.xctest */;
			productType = "com.apple.product-type.bundle.unit-test";
		};
/* End PBXNativeTarget section */

/* Begin PBXProject section */
		5F01EBEC1F8FD28400E47E6A /* Project object */ = {
			isa = PBXProject;
			attributes = {
				LastSwiftUpdateCheck = 0900;
				LastUpgradeCheck = 0900;
				ORGANIZATIONNAME = "Mindaugas Jucius";
				TargetAttributes = {
					5F01EBF31F8FD28400E47E6A = {
						CreatedOnToolsVersion = 9.0;
						ProvisioningStyle = Automatic;
						SystemCapabilities = {
							com.apple.BackgroundModes = {
								enabled = 1;
							};
							com.apple.Push = {
								enabled = 1;
							};
							com.apple.iCloud = {
								enabled = 1;
							};
						};
					};
					5F01EC071F8FD28400E47E6A = {
						CreatedOnToolsVersion = 9.0;
						ProvisioningStyle = Automatic;
						TestTargetID = 5F01EBF31F8FD28400E47E6A;
					};
				};
			};
			buildConfigurationList = 5F01EBEF1F8FD28400E47E6A /* Build configuration list for PBXProject "Koel" */;
			compatibilityVersion = "Xcode 8.0";
			developmentRegion = en;
			hasScannedForEncodings = 0;
			knownRegions = (
				en,
				Base,
			);
			mainGroup = 5F01EBEB1F8FD28400E47E6A;
			productRefGroup = 5F01EBF51F8FD28400E47E6A /* Products */;
			projectDirPath = "";
			projectRoot = "";
			targets = (
				5F01EBF31F8FD28400E47E6A /* Koel */,
				5F01EC071F8FD28400E47E6A /* KoelTests */,
			);
		};
/* End PBXProject section */

/* Begin PBXResourcesBuildPhase section */
		5F01EBF21F8FD28400E47E6A /* Resources */ = {
			isa = PBXResourcesBuildPhase;
			buildActionMask = 2147483647;
			files = (
				5FDEB6B01F97BEF400070930 /* DMSongQueueViewController.xib in Resources */,
				5F01EC021F8FD28400E47E6A /* LaunchScreen.storyboard in Resources */,
				5F01EBFF1F8FD28400E47E6A /* Assets.xcassets in Resources */,
				5FDEB6B51F97C07000070930 /* DMEventCreationViewController.xib in Resources */,
				5FDEB6BB1F99235500070930 /* DMInitialLoadingViewController.xib in Resources */,
			);
			runOnlyForDeploymentPostprocessing = 0;
		};
		5F01EC061F8FD28400E47E6A /* Resources */ = {
			isa = PBXResourcesBuildPhase;
			buildActionMask = 2147483647;
			files = (
			);
			runOnlyForDeploymentPostprocessing = 0;
		};
/* End PBXResourcesBuildPhase section */

/* Begin PBXShellScriptBuildPhase section */
		439022389726CF3FEB06DE29 /* [CP] Check Pods Manifest.lock */ = {
			isa = PBXShellScriptBuildPhase;
			buildActionMask = 2147483647;
			files = (
			);
			inputPaths = (
				"${PODS_PODFILE_DIR_PATH}/Podfile.lock",
				"${PODS_ROOT}/Manifest.lock",
			);
			name = "[CP] Check Pods Manifest.lock";
			outputPaths = (
				"$(DERIVED_FILE_DIR)/Pods-Koel-checkManifestLockResult.txt",
			);
			runOnlyForDeploymentPostprocessing = 0;
			shellPath = /bin/sh;
			shellScript = "diff \"${PODS_PODFILE_DIR_PATH}/Podfile.lock\" \"${PODS_ROOT}/Manifest.lock\" > /dev/null\nif [ $? != 0 ] ; then\n    # print error to STDERR\n    echo \"error: The sandbox is not in sync with the Podfile.lock. Run 'pod install' or update your CocoaPods installation.\" >&2\n    exit 1\nfi\n# This output is used by Xcode 'outputs' to avoid re-running this script phase.\necho \"SUCCESS\" > \"${SCRIPT_OUTPUT_FILE_0}\"\n";
			showEnvVarsInLog = 0;
		};
		85CEA0DCFE884546CB896298 /* [CP] Check Pods Manifest.lock */ = {
			isa = PBXShellScriptBuildPhase;
			buildActionMask = 2147483647;
			files = (
			);
			inputPaths = (
				"${PODS_PODFILE_DIR_PATH}/Podfile.lock",
				"${PODS_ROOT}/Manifest.lock",
			);
			name = "[CP] Check Pods Manifest.lock";
			outputPaths = (
				"$(DERIVED_FILE_DIR)/Pods-KoelTests-checkManifestLockResult.txt",
			);
			runOnlyForDeploymentPostprocessing = 0;
			shellPath = /bin/sh;
			shellScript = "diff \"${PODS_PODFILE_DIR_PATH}/Podfile.lock\" \"${PODS_ROOT}/Manifest.lock\" > /dev/null\nif [ $? != 0 ] ; then\n    # print error to STDERR\n    echo \"error: The sandbox is not in sync with the Podfile.lock. Run 'pod install' or update your CocoaPods installation.\" >&2\n    exit 1\nfi\n# This output is used by Xcode 'outputs' to avoid re-running this script phase.\necho \"SUCCESS\" > \"${SCRIPT_OUTPUT_FILE_0}\"\n";
			showEnvVarsInLog = 0;
		};
		A9AD169583329472B524897D /* [CP] Copy Pods Resources */ = {
			isa = PBXShellScriptBuildPhase;
			buildActionMask = 2147483647;
			files = (
			);
			inputPaths = (
			);
			name = "[CP] Copy Pods Resources";
			outputPaths = (
			);
			runOnlyForDeploymentPostprocessing = 0;
			shellPath = /bin/sh;
			shellScript = "\"${SRCROOT}/Pods/Target Support Files/Pods-Koel/Pods-Koel-resources.sh\"\n";
			showEnvVarsInLog = 0;
		};
		C2ADB3BE506FB9E7F03CE670 /* [CP] Embed Pods Frameworks */ = {
			isa = PBXShellScriptBuildPhase;
			buildActionMask = 2147483647;
			files = (
			);
			inputPaths = (
			);
			name = "[CP] Embed Pods Frameworks";
			outputPaths = (
			);
			runOnlyForDeploymentPostprocessing = 0;
			shellPath = /bin/sh;
			shellScript = "\"${SRCROOT}/Pods/Target Support Files/Pods-KoelTests/Pods-KoelTests-frameworks.sh\"\n";
			showEnvVarsInLog = 0;
		};
		D97C56ABB716DF42B9213647 /* [CP] Copy Pods Resources */ = {
			isa = PBXShellScriptBuildPhase;
			buildActionMask = 2147483647;
			files = (
			);
			inputPaths = (
			);
			name = "[CP] Copy Pods Resources";
			outputPaths = (
			);
			runOnlyForDeploymentPostprocessing = 0;
			shellPath = /bin/sh;
			shellScript = "\"${SRCROOT}/Pods/Target Support Files/Pods-KoelTests/Pods-KoelTests-resources.sh\"\n";
			showEnvVarsInLog = 0;
		};
		F1E132EE7CB0641C8526A141 /* [CP] Embed Pods Frameworks */ = {
			isa = PBXShellScriptBuildPhase;
			buildActionMask = 2147483647;
			files = (
			);
			inputPaths = (
				"${SRCROOT}/Pods/Target Support Files/Pods-Koel/Pods-Koel-frameworks.sh",
				"${BUILT_PRODUCTS_DIR}/Action/Action.framework",
				"${BUILT_PRODUCTS_DIR}/Differentiator/Differentiator.framework",
				"${BUILT_PRODUCTS_DIR}/RxCocoa/RxCocoa.framework",
				"${BUILT_PRODUCTS_DIR}/RxDataSources/RxDataSources.framework",
				"${BUILT_PRODUCTS_DIR}/RxSwift/RxSwift.framework",
				"${BUILT_PRODUCTS_DIR}/SCSiriWaveformView/SCSiriWaveformView.framework",
			);
			name = "[CP] Embed Pods Frameworks";
			outputPaths = (
				"${TARGET_BUILD_DIR}/${FRAMEWORKS_FOLDER_PATH}/Action.framework",
				"${TARGET_BUILD_DIR}/${FRAMEWORKS_FOLDER_PATH}/Differentiator.framework",
				"${TARGET_BUILD_DIR}/${FRAMEWORKS_FOLDER_PATH}/RxCocoa.framework",
				"${TARGET_BUILD_DIR}/${FRAMEWORKS_FOLDER_PATH}/RxDataSources.framework",
				"${TARGET_BUILD_DIR}/${FRAMEWORKS_FOLDER_PATH}/RxSwift.framework",
				"${TARGET_BUILD_DIR}/${FRAMEWORKS_FOLDER_PATH}/SCSiriWaveformView.framework",
			);
			runOnlyForDeploymentPostprocessing = 0;
			shellPath = /bin/sh;
			shellScript = "\"${SRCROOT}/Pods/Target Support Files/Pods-Koel/Pods-Koel-frameworks.sh\"\n";
			showEnvVarsInLog = 0;
		};
/* End PBXShellScriptBuildPhase section */

/* Begin PBXSourcesBuildPhase section */
		5F01EBF01F8FD28400E47E6A /* Sources */ = {
			isa = PBXSourcesBuildPhase;
			buildActionMask = 2147483647;
			files = (
				5FB665DC1FA346DE005C5165 /* Coordinator.swift in Sources */,
				5F01EC1D1F8FD8C100E47E6A /* DMEventManager.swift in Sources */,
				5F8186121FBB6EDB00477C71 /* DMKoelLogoView.swift in Sources */,
				5F601D3D1FD04851003DE897 /* DMEventCreationViewModel.swift in Sources */,
				5F01EC251F925F8C00E47E6A /* DMUserManager.swift in Sources */,
				5F58F0311F9CB793006B9B47 /* UIViewController+Extensions.swift in Sources */,
				5F01EC231F925EB200E47E6A /* CKRecord+Extensions.swift in Sources */,
				5F601D3B1FD043DC003DE897 /* DMEventMultipeerService.swift in Sources */,
				5FDEB6B71F99114800070930 /* DMUser.swift in Sources */,
				5FF67D4B1F9795F7001E66FA /* DMSongManager.swift in Sources */,
				5FB665E11FA351A9005C5165 /* DMInitialLoadingCoordinator.swift in Sources */,
				5F58F0341F9D142C006B9B47 /* CKRecordModel.swift in Sources */,
				5F01EBFA1F8FD28400E47E6A /* DMSongQueueViewController.swift in Sources */,
				5FB28BE31F90ECEA00B670E6 /* DMUserDefaultsHelper.swift in Sources */,
				5F014BD61FB9E29700079009 /* UIColor+Extensions.swift in Sources */,
				5FDEB6BA1F99235500070930 /* DMInitialLoadingViewController.swift in Sources */,
				5FB665DF1FA34B61005C5165 /* DMInitialLoadingViewModel.swift in Sources */,
				5F01EBF81F8FD28400E47E6A /* AppDelegate.swift in Sources */,
				5FB28BE11F90EA3900B670E6 /* DMEvent.swift in Sources */,
				5F014BD41FB9E20000079009 /* WaveView.swift in Sources */,
				5FB665D91FA346BC005C5165 /* AppCoordinator.swift in Sources */,
				5F01EC201F92570500E47E6A /* DMSong.swift in Sources */,
				5FDEB6B41F97C07000070930 /* DMEventCreationViewController.swift in Sources */,
			);
			runOnlyForDeploymentPostprocessing = 0;
		};
		5F01EC041F8FD28400E47E6A /* Sources */ = {
			isa = PBXSourcesBuildPhase;
			buildActionMask = 2147483647;
			files = (
				5F01EC0D1F8FD28400E47E6A /* KoelTests.swift in Sources */,
			);
			runOnlyForDeploymentPostprocessing = 0;
		};
/* End PBXSourcesBuildPhase section */

/* Begin PBXTargetDependency section */
		5F01EC0A1F8FD28400E47E6A /* PBXTargetDependency */ = {
			isa = PBXTargetDependency;
			target = 5F01EBF31F8FD28400E47E6A /* Koel */;
			targetProxy = 5F01EC091F8FD28400E47E6A /* PBXContainerItemProxy */;
		};
/* End PBXTargetDependency section */

/* Begin PBXVariantGroup section */
		5F01EC001F8FD28400E47E6A /* LaunchScreen.storyboard */ = {
			isa = PBXVariantGroup;
			children = (
				5F01EC011F8FD28400E47E6A /* Base */,
			);
			name = LaunchScreen.storyboard;
			sourceTree = "<group>";
		};
/* End PBXVariantGroup section */

/* Begin XCBuildConfiguration section */
		5F01EC0F1F8FD28400E47E6A /* Debug */ = {
			isa = XCBuildConfiguration;
			buildSettings = {
				ALWAYS_SEARCH_USER_PATHS = NO;
				CLANG_ANALYZER_NONNULL = YES;
				CLANG_ANALYZER_NUMBER_OBJECT_CONVERSION = YES_AGGRESSIVE;
				CLANG_CXX_LANGUAGE_STANDARD = "gnu++14";
				CLANG_CXX_LIBRARY = "libc++";
				CLANG_ENABLE_MODULES = YES;
				CLANG_ENABLE_OBJC_ARC = YES;
				CLANG_WARN_BLOCK_CAPTURE_AUTORELEASING = YES;
				CLANG_WARN_BOOL_CONVERSION = YES;
				CLANG_WARN_COMMA = YES;
				CLANG_WARN_CONSTANT_CONVERSION = YES;
				CLANG_WARN_DIRECT_OBJC_ISA_USAGE = YES_ERROR;
				CLANG_WARN_DOCUMENTATION_COMMENTS = YES;
				CLANG_WARN_EMPTY_BODY = YES;
				CLANG_WARN_ENUM_CONVERSION = YES;
				CLANG_WARN_INFINITE_RECURSION = YES;
				CLANG_WARN_INT_CONVERSION = YES;
				CLANG_WARN_NON_LITERAL_NULL_CONVERSION = YES;
				CLANG_WARN_OBJC_LITERAL_CONVERSION = YES;
				CLANG_WARN_OBJC_ROOT_CLASS = YES_ERROR;
				CLANG_WARN_RANGE_LOOP_ANALYSIS = YES;
				CLANG_WARN_STRICT_PROTOTYPES = YES;
				CLANG_WARN_SUSPICIOUS_MOVE = YES;
				CLANG_WARN_UNGUARDED_AVAILABILITY = YES_AGGRESSIVE;
				CLANG_WARN_UNREACHABLE_CODE = YES;
				CLANG_WARN__DUPLICATE_METHOD_MATCH = YES;
				CODE_SIGN_IDENTITY = "iPhone Developer";
				COPY_PHASE_STRIP = NO;
				DEBUG_INFORMATION_FORMAT = dwarf;
				ENABLE_STRICT_OBJC_MSGSEND = YES;
				ENABLE_TESTABILITY = YES;
				GCC_C_LANGUAGE_STANDARD = gnu11;
				GCC_DYNAMIC_NO_PIC = NO;
				GCC_NO_COMMON_BLOCKS = YES;
				GCC_OPTIMIZATION_LEVEL = 0;
				GCC_PREPROCESSOR_DEFINITIONS = (
					"DEBUG=1",
					"$(inherited)",
				);
				GCC_WARN_64_TO_32_BIT_CONVERSION = YES;
				GCC_WARN_ABOUT_RETURN_TYPE = YES_ERROR;
				GCC_WARN_UNDECLARED_SELECTOR = YES;
				GCC_WARN_UNINITIALIZED_AUTOS = YES_AGGRESSIVE;
				GCC_WARN_UNUSED_FUNCTION = YES;
				GCC_WARN_UNUSED_VARIABLE = YES;
				IPHONEOS_DEPLOYMENT_TARGET = 11.0;
				MTL_ENABLE_DEBUG_INFO = YES;
				ONLY_ACTIVE_ARCH = YES;
				SDKROOT = iphoneos;
				SWIFT_ACTIVE_COMPILATION_CONDITIONS = DEBUG;
				SWIFT_OPTIMIZATION_LEVEL = "-Onone";
			};
			name = Debug;
		};
		5F01EC101F8FD28400E47E6A /* Release */ = {
			isa = XCBuildConfiguration;
			buildSettings = {
				ALWAYS_SEARCH_USER_PATHS = NO;
				CLANG_ANALYZER_NONNULL = YES;
				CLANG_ANALYZER_NUMBER_OBJECT_CONVERSION = YES_AGGRESSIVE;
				CLANG_CXX_LANGUAGE_STANDARD = "gnu++14";
				CLANG_CXX_LIBRARY = "libc++";
				CLANG_ENABLE_MODULES = YES;
				CLANG_ENABLE_OBJC_ARC = YES;
				CLANG_WARN_BLOCK_CAPTURE_AUTORELEASING = YES;
				CLANG_WARN_BOOL_CONVERSION = YES;
				CLANG_WARN_COMMA = YES;
				CLANG_WARN_CONSTANT_CONVERSION = YES;
				CLANG_WARN_DIRECT_OBJC_ISA_USAGE = YES_ERROR;
				CLANG_WARN_DOCUMENTATION_COMMENTS = YES;
				CLANG_WARN_EMPTY_BODY = YES;
				CLANG_WARN_ENUM_CONVERSION = YES;
				CLANG_WARN_INFINITE_RECURSION = YES;
				CLANG_WARN_INT_CONVERSION = YES;
				CLANG_WARN_NON_LITERAL_NULL_CONVERSION = YES;
				CLANG_WARN_OBJC_LITERAL_CONVERSION = YES;
				CLANG_WARN_OBJC_ROOT_CLASS = YES_ERROR;
				CLANG_WARN_RANGE_LOOP_ANALYSIS = YES;
				CLANG_WARN_STRICT_PROTOTYPES = YES;
				CLANG_WARN_SUSPICIOUS_MOVE = YES;
				CLANG_WARN_UNGUARDED_AVAILABILITY = YES_AGGRESSIVE;
				CLANG_WARN_UNREACHABLE_CODE = YES;
				CLANG_WARN__DUPLICATE_METHOD_MATCH = YES;
				CODE_SIGN_IDENTITY = "iPhone Developer";
				COPY_PHASE_STRIP = NO;
				DEBUG_INFORMATION_FORMAT = "dwarf-with-dsym";
				ENABLE_NS_ASSERTIONS = NO;
				ENABLE_STRICT_OBJC_MSGSEND = YES;
				GCC_C_LANGUAGE_STANDARD = gnu11;
				GCC_NO_COMMON_BLOCKS = YES;
				GCC_WARN_64_TO_32_BIT_CONVERSION = YES;
				GCC_WARN_ABOUT_RETURN_TYPE = YES_ERROR;
				GCC_WARN_UNDECLARED_SELECTOR = YES;
				GCC_WARN_UNINITIALIZED_AUTOS = YES_AGGRESSIVE;
				GCC_WARN_UNUSED_FUNCTION = YES;
				GCC_WARN_UNUSED_VARIABLE = YES;
				IPHONEOS_DEPLOYMENT_TARGET = 11.0;
				MTL_ENABLE_DEBUG_INFO = NO;
				SDKROOT = iphoneos;
				SWIFT_OPTIMIZATION_LEVEL = "-Owholemodule";
				VALIDATE_PRODUCT = YES;
			};
			name = Release;
		};
		5F01EC121F8FD28400E47E6A /* Debug */ = {
			isa = XCBuildConfiguration;
			baseConfigurationReference = 2F9833A4A17A19528964480E /* Pods-Koel.debug.xcconfig */;
			buildSettings = {
				ASSETCATALOG_COMPILER_APPICON_NAME = AppIcon;
				CODE_SIGN_ENTITLEMENTS = Koel/Koel.entitlements;
				CODE_SIGN_STYLE = Automatic;
				DEVELOPMENT_TEAM = PDR4VQLAH4;
				INFOPLIST_FILE = Koel/Info.plist;
				LD_RUNPATH_SEARCH_PATHS = "$(inherited) @executable_path/Frameworks";
				PRODUCT_BUNDLE_IDENTIFIER = mobile.computing.Koel;
				PRODUCT_NAME = "$(TARGET_NAME)";
				SWIFT_VERSION = 4.0;
				TARGETED_DEVICE_FAMILY = "1,2";
			};
			name = Debug;
		};
		5F01EC131F8FD28400E47E6A /* Release */ = {
			isa = XCBuildConfiguration;
			baseConfigurationReference = 1EEEA22101255BEC78867464 /* Pods-Koel.release.xcconfig */;
			buildSettings = {
				ASSETCATALOG_COMPILER_APPICON_NAME = AppIcon;
				CODE_SIGN_ENTITLEMENTS = Koel/Koel.entitlements;
				CODE_SIGN_STYLE = Automatic;
				DEVELOPMENT_TEAM = PDR4VQLAH4;
				INFOPLIST_FILE = Koel/Info.plist;
				LD_RUNPATH_SEARCH_PATHS = "$(inherited) @executable_path/Frameworks";
				PRODUCT_BUNDLE_IDENTIFIER = mobile.computing.Koel;
				PRODUCT_NAME = "$(TARGET_NAME)";
				SWIFT_VERSION = 4.0;
				TARGETED_DEVICE_FAMILY = "1,2";
			};
			name = Release;
		};
		5F01EC151F8FD28400E47E6A /* Debug */ = {
			isa = XCBuildConfiguration;
			baseConfigurationReference = A861E7CF8C467D863DF841D6 /* Pods-KoelTests.debug.xcconfig */;
			buildSettings = {
				ALWAYS_EMBED_SWIFT_STANDARD_LIBRARIES = YES;
				BUNDLE_LOADER = "$(TEST_HOST)";
				CODE_SIGN_STYLE = Automatic;
				DEVELOPMENT_TEAM = PDR4VQLAH4;
				INFOPLIST_FILE = KoelTests/Info.plist;
				LD_RUNPATH_SEARCH_PATHS = "$(inherited) @executable_path/Frameworks @loader_path/Frameworks";
				PRODUCT_BUNDLE_IDENTIFIER = mobile.computing.KoelTests;
				PRODUCT_NAME = "$(TARGET_NAME)";
				SWIFT_VERSION = 4.0;
				TARGETED_DEVICE_FAMILY = "1,2";
				TEST_HOST = "$(BUILT_PRODUCTS_DIR)/Koel.app/Koel";
			};
			name = Debug;
		};
		5F01EC161F8FD28400E47E6A /* Release */ = {
			isa = XCBuildConfiguration;
			baseConfigurationReference = 4BFB7D7E45702A7F3768CF64 /* Pods-KoelTests.release.xcconfig */;
			buildSettings = {
				ALWAYS_EMBED_SWIFT_STANDARD_LIBRARIES = YES;
				BUNDLE_LOADER = "$(TEST_HOST)";
				CODE_SIGN_STYLE = Automatic;
				DEVELOPMENT_TEAM = PDR4VQLAH4;
				INFOPLIST_FILE = KoelTests/Info.plist;
				LD_RUNPATH_SEARCH_PATHS = "$(inherited) @executable_path/Frameworks @loader_path/Frameworks";
				PRODUCT_BUNDLE_IDENTIFIER = mobile.computing.KoelTests;
				PRODUCT_NAME = "$(TARGET_NAME)";
				SWIFT_VERSION = 4.0;
				TARGETED_DEVICE_FAMILY = "1,2";
				TEST_HOST = "$(BUILT_PRODUCTS_DIR)/Koel.app/Koel";
			};
			name = Release;
		};
/* End XCBuildConfiguration section */

/* Begin XCConfigurationList section */
		5F01EBEF1F8FD28400E47E6A /* Build configuration list for PBXProject "Koel" */ = {
			isa = XCConfigurationList;
			buildConfigurations = (
				5F01EC0F1F8FD28400E47E6A /* Debug */,
				5F01EC101F8FD28400E47E6A /* Release */,
			);
			defaultConfigurationIsVisible = 0;
			defaultConfigurationName = Release;
		};
		5F01EC111F8FD28400E47E6A /* Build configuration list for PBXNativeTarget "Koel" */ = {
			isa = XCConfigurationList;
			buildConfigurations = (
				5F01EC121F8FD28400E47E6A /* Debug */,
				5F01EC131F8FD28400E47E6A /* Release */,
			);
			defaultConfigurationIsVisible = 0;
			defaultConfigurationName = Release;
		};
		5F01EC141F8FD28400E47E6A /* Build configuration list for PBXNativeTarget "KoelTests" */ = {
			isa = XCConfigurationList;
			buildConfigurations = (
				5F01EC151F8FD28400E47E6A /* Debug */,
				5F01EC161F8FD28400E47E6A /* Release */,
			);
			defaultConfigurationIsVisible = 0;
			defaultConfigurationName = Release;
		};
/* End XCConfigurationList section */
	};
	rootObject = 5F01EBEC1F8FD28400E47E6A /* Project object */;
}
